{
  "lockfile_version": "1",
  "packages": {
    "ag@latest": {
      "last_modified": "2022-02-15T04:21:50Z",
      "resolved": "github:NixOS/nixpkgs/3a641defd170a4ef25ce8c7c64cb13f91f867fca#ag",
      "source": "devbox-search",
      "version": "2.2.0",
      "systems": {
        "aarch64-darwin": {
          "store_path": "/nix/store/nzqwhzpqqky8psr1v6f5zvjcqg1258d7-silver-searcher-2.2.0"
        },
        "x86_64-darwin": {
          "store_path": "/nix/store/p9mz0399j815bq5yxmk4cdvhvvfai9mz-silver-searcher-2.2.0"
        },
        "x86_64-linux": {
          "store_path": "/nix/store/2liyk11baj3g9r3svaazmhhmi574m9x2-silver-searcher-2.2.0"
        }
      }
    },
    "antigen@latest": {
      "last_modified": "2024-02-10T18:15:24Z",
      "resolved": "github:NixOS/nixpkgs/10b813040df67c4039086db0f6eaf65c536886c6#antigen",
      "source": "devbox-search",
      "version": "2.2.3",
      "systems": {
        "x86_64-linux": {
          "store_path": "/nix/store/vilsnah5m48j7sr44dsffslaa382vqh6-antigen-2.2.3"
        }
      }
    },
    "bc@latest": {
      "last_modified": "2024-02-10T18:15:24Z",
      "resolved": "github:NixOS/nixpkgs/10b813040df67c4039086db0f6eaf65c536886c6#bc",
      "source": "devbox-search",
      "version": "1.07.1",
      "systems": {
        "aarch64-darwin": {
          "store_path": "/nix/store/9zjbxwig2snq39h4v5dnpjrikavxsvsr-bc-1.07.1"
        },
        "aarch64-linux": {
          "store_path": "/nix/store/cxy4f5sfap9qlxvkjyl0cd4v1mqib58d-bc-1.07.1"
        },
        "x86_64-darwin": {
          "store_path": "/nix/store/6y11w0538pdlzj38z4q4a4yh1n75k092-bc-1.07.1"
        },
        "x86_64-linux": {
          "store_path": "/nix/store/ap7vji2r97gibkaf4hz4wmkkziad0246-bc-1.07.1"
        }
      }
    },
    "colordiff@latest": {
      "last_modified": "2024-02-10T18:15:24Z",
      "resolved": "github:NixOS/nixpkgs/10b813040df67c4039086db0f6eaf65c536886c6#colordiff",
      "source": "devbox-search",
      "version": "1.0.21",
      "systems": {
        "aarch64-darwin": {
          "store_path": "/nix/store/xjhsqwgqnmhqd5lhki5ylnbl3fg5zmfd-colordiff-1.0.21"
        },
        "aarch64-linux": {
          "store_path": "/nix/store/w4wi679w4nlvvab4hjwnbmmh6f75z1fv-colordiff-1.0.21"
        },
        "x86_64-darwin": {
          "store_path": "/nix/store/pfkj4hincivlz95vfmjvi0r4yvq88z87-colordiff-1.0.21"
        },
        "x86_64-linux": {
          "store_path": "/nix/store/rq96ggmi96z73cm405dwm7zqpcsmk1rm-colordiff-1.0.21"
        }
      }
    },
    "direnv@latest": {
      "last_modified": "2024-02-10T18:15:24Z",
      "resolved": "github:NixOS/nixpkgs/10b813040df67c4039086db0f6eaf65c536886c6#direnv",
      "source": "devbox-search",
      "version": "2.33.0",
      "systems": {
        "aarch64-darwin": {
          "store_path": "/nix/store/cjs4zd5w77r05xzb81idkjw7m3fj7x41-direnv-2.33.0"
        },
        "aarch64-linux": {
          "store_path": "/nix/store/2ad63zx16l11iv3by457xmq2ll5srkjz-direnv-2.33.0"
        },
        "x86_64-darwin": {
          "store_path": "/nix/store/s10mkimya138mw9dzchc91qhkclirqb4-direnv-2.33.0"
        },
        "x86_64-linux": {
          "store_path": "/nix/store/dj9isy09xmniyamm5mknqxvvdzy74km9-direnv-2.33.0"
        }
      }
    },
    "docker-buildx@latest": {
      "last_modified": "2024-02-10T18:15:24Z",
      "resolved": "github:NixOS/nixpkgs/10b813040df67c4039086db0f6eaf65c536886c6#docker-buildx",
      "source": "devbox-search",
      "version": "0.12.1",
      "systems": {
        "aarch64-darwin": {
          "store_path": "/nix/store/0232jq4kk7gjq6d6wpi792s0jzh1cxp3-docker-buildx-0.12.1"
        },
        "aarch64-linux": {
          "store_path": "/nix/store/51lq9z5jh4y230l6bz6nmlvwlrs8dnry-docker-buildx-0.12.1"
        },
        "x86_64-darwin": {
          "store_path": "/nix/store/c563mkryb25wds9j1514sq9shkm2qjqa-docker-buildx-0.12.1"
        },
        "x86_64-linux": {
          "store_path": "/nix/store/pzx8wzakrijblybdd40ka1b0r77n0ilq-docker-buildx-0.12.1"
        }
      }
    },
    "docker-compose@latest": {
      "last_modified": "2024-02-17T06:30:20Z",
      "resolved": "github:NixOS/nixpkgs/6e2f00c83911461438301db0dba5281197fe4b3a#docker-compose",
      "source": "devbox-search",
      "version": "2.24.6",
      "systems": {
        "aarch64-darwin": {
          "store_path": "/nix/store/g4aj1g3ybsrdkwqrf70ys5n9png7d7aa-docker-compose-2.24.6"
        },
        "aarch64-linux": {
          "store_path": "/nix/store/7lbyj28ird848mljsn7hzl53csc2fk9i-docker-compose-2.24.6"
        },
        "x86_64-darwin": {
          "store_path": "/nix/store/ipf6iy8gwcz54mfd0j8y4vimnbv2kz5h-docker-compose-2.24.6"
        },
        "x86_64-linux": {
          "store_path": "/nix/store/ib39l84xamcgyqf0ck5dzpjmhdvv1j34-docker-compose-2.24.6"
        }
      }
    },
    "docker@latest": {
      "last_modified": "2024-02-17T06:30:20Z",
      "resolved": "github:NixOS/nixpkgs/6e2f00c83911461438301db0dba5281197fe4b3a#docker",
      "source": "devbox-search",
      "version": "24.0.5",
      "systems": {
        "aarch64-darwin": {
          "store_path": "/nix/store/1x614rgrnnby1zcy7dfkk2jf05c6c4x9-docker-24.0.5"
        },
        "aarch64-linux": {
          "store_path": "/nix/store/9r2cj0ylh45lr9fh5cgh9p1wrcfqhpma-docker-24.0.5"
        },
        "x86_64-darwin": {
          "store_path": "/nix/store/0gx9xzps8ia99613xyaqy0ghbljn1cyw-docker-24.0.5"
        },
        "x86_64-linux": {
          "store_path": "/nix/store/drvikaa33y2m04nj0b7yky9prf29q447-docker-24.0.5"
        }
      }
    },
    "elmPackages.elm-format@latest": {
      "last_modified": "2024-02-10T18:15:24Z",
      "resolved": "github:NixOS/nixpkgs/10b813040df67c4039086db0f6eaf65c536886c6#elmPackages.elm-format",
      "source": "devbox-search",
      "version": "0.8.7",
      "systems": {
        "aarch64-darwin": {
          "store_path": "/nix/store/kg4qphsc650plr482pl2wnbp07yj0wdz-elm-format-0.8.7"
        },
        "aarch64-linux": {
          "store_path": "/nix/store/xw859b80m9df5y1kdj2l58kfzjw22yls-elm-format-0.8.7"
        },
        "x86_64-darwin": {
          "store_path": "/nix/store/pyz2fd9535nd57irgx047zk4a9rxiz6r-elm-format-0.8.7"
        },
        "x86_64-linux": {
          "store_path": "/nix/store/h79rfqs736v9rdr55rmkrqzrwcz6wy4i-elm-format-0.8.7"
        }
      }
    },
    "elmPackages.elm-language-server@latest": {
      "last_modified": "2024-02-15T12:53:33Z",
      "resolved": "github:NixOS/nixpkgs/085589047343aad800c4d305cf7b98e8a3d51ae2#elmPackages.elm-language-server",
      "source": "devbox-search",
      "version": "2.8.0",
      "systems": {
        "aarch64-darwin": {
          "store_path": "/nix/store/k26v8942v34i82qwfxpibv8l8jlqapw0-_at_elm-tooling_slash_elm-language-server-2.8.0"
        },
        "aarch64-linux": {
          "store_path": "/nix/store/lc41q5c85j4pzwrqqlz8fhz07rbabj89-_at_elm-tooling_slash_elm-language-server-2.8.0"
        },
        "x86_64-darwin": {
          "store_path": "/nix/store/s6lrv7m992ddg997bwxq57s4wr9jx3ri-_at_elm-tooling_slash_elm-language-server-2.8.0"
        },
        "x86_64-linux": {
          "store_path": "/nix/store/kibzpq8jq7vyi34pwi3rsqck44s517az-_at_elm-tooling_slash_elm-language-server-2.8.0"
        }
      }
    },
    "elmPackages.elm-test@latest": {
      "last_modified": "2024-02-15T12:53:33Z",
      "resolved": "github:NixOS/nixpkgs/085589047343aad800c4d305cf7b98e8a3d51ae2#elmPackages.elm-test",
      "source": "devbox-search",
      "version": "0.19.1-revision12",
      "systems": {
        "aarch64-darwin": {
          "store_path": "/nix/store/rq1b6sax8g8b2fpljsimnrsfdp21xps6-elm-test-0.19.1-revision12"
        },
        "aarch64-linux": {
          "store_path": "/nix/store/fw8jxc9g5llmv4i9vl0smdwbrg60diav-elm-test-0.19.1-revision12"
        },
        "x86_64-darwin": {
          "store_path": "/nix/store/splppjjqy79f8vjsn1iw4bv9xdjwgl1p-elm-test-0.19.1-revision12"
        },
        "x86_64-linux": {
          "store_path": "/nix/store/0kamsk7v4ap3kszkikkvy5rpxv6qrb1i-elm-test-0.19.1-revision12"
        }
      }
    },
    "elmPackages.elm@latest": {
      "last_modified": "2024-02-15T12:53:33Z",
      "resolved": "github:NixOS/nixpkgs/085589047343aad800c4d305cf7b98e8a3d51ae2#elmPackages.elm",
      "source": "devbox-search",
      "version": "0.19.1",
      "systems": {
        "aarch64-darwin": {
          "store_path": "/nix/store/cy23vhndc6bxxwqrmkwzss36h4pl7gzg-elm-0.19.1"
        },
        "aarch64-linux": {
          "store_path": "/nix/store/7g434bcyllfsbwma6x241xj2ja1g3pff-elm-0.19.1"
        },
        "x86_64-darwin": {
          "store_path": "/nix/store/8kq85icz0j04vwxkd3ibxxgp5i3yn844-elm-0.19.1"
        },
        "x86_64-linux": {
          "store_path": "/nix/store/6jlaildy2zyl5q6xsf2wyf7l8sylqmzv-elm-0.19.1"
        }
      }
    },
    "fd@latest": {
      "last_modified": "2024-02-10T18:15:24Z",
      "resolved": "github:NixOS/nixpkgs/10b813040df67c4039086db0f6eaf65c536886c6#fd",
      "source": "devbox-search",
      "version": "9.0.0",
      "systems": {
        "aarch64-darwin": {
          "store_path": "/nix/store/6b1vx727bm5hch3q1mpnfcj41z8467zi-fd-9.0.0"
        },
        "aarch64-linux": {
          "store_path": "/nix/store/df3cdhmrqwkzp4wzh23z9gnxk1ffqzwh-fd-9.0.0"
        },
        "x86_64-darwin": {
          "store_path": "/nix/store/48jcpk7b4vib3jzfwwrpzv49nbhsy0hk-fd-9.0.0"
        },
        "x86_64-linux": {
          "store_path": "/nix/store/l1dw45wi0vr54drmprdq3iajlmmrhkfr-fd-9.0.0"
        }
      }
    },
    "fluxcd@latest": {
      "last_modified": "2024-02-10T18:15:24Z",
      "resolved": "github:NixOS/nixpkgs/10b813040df67c4039086db0f6eaf65c536886c6#fluxcd",
      "source": "devbox-search",
      "version": "2.2.3",
      "systems": {
        "aarch64-darwin": {
          "store_path": "/nix/store/94vh4pqr6mwgwi8avi4inr805cb6igav-fluxcd-2.2.3"
        },
        "aarch64-linux": {
          "store_path": "/nix/store/jd4zzvl0iy2flv268w7876yklaszcrd3-fluxcd-2.2.3"
        },
        "x86_64-darwin": {
          "store_path": "/nix/store/8hbsyk7006p9r204za508hrliapv0az7-fluxcd-2.2.3"
        },
        "x86_64-linux": {
          "store_path": "/nix/store/x2bl6d5f7vwby8s4r2clvw05ibppg920-fluxcd-2.2.3"
        }
      }
    },
    "fzf@latest": {
      "last_modified": "2024-02-10T18:15:24Z",
      "resolved": "github:NixOS/nixpkgs/10b813040df67c4039086db0f6eaf65c536886c6#fzf",
      "source": "devbox-search",
      "version": "0.46.1",
      "systems": {
        "aarch64-darwin": {
          "store_path": "/nix/store/m4i6x4669iys26rxy18gbs7y9nn92agf-fzf-0.46.1"
        },
        "aarch64-linux": {
          "store_path": "/nix/store/wjqsvq3phvd2c750idlzkq0ycga900fh-fzf-0.46.1"
        },
        "x86_64-darwin": {
          "store_path": "/nix/store/1px40fvckv31jxf9747p38r6pww7302i-fzf-0.46.1"
        },
        "x86_64-linux": {
          "store_path": "/nix/store/ip0giga22psik4h3faq7cpjlrd74ir5k-fzf-0.46.1"
        }
      }
    },
    "gh@latest": {
      "last_modified": "2024-02-19T01:51:04Z",
      "resolved": "github:NixOS/nixpkgs/a332040396d7e3c47883e9c115c1da485712805e#gh",
      "source": "devbox-search",
      "version": "2.44.1",
      "systems": {
        "aarch64-darwin": {
          "store_path": "/nix/store/mjz1iw8pqs8gxs83jbaghf5sy7sk96vj-gh-2.44.1"
        },
        "aarch64-linux": {
          "store_path": "/nix/store/z041m46l892lpy6flrzq73fhcci5wn2p-gh-2.44.1"
        },
        "x86_64-darwin": {
          "store_path": "/nix/store/a75r820v0qr62jjy6z820ws36flj6pl9-gh-2.44.1"
        },
        "x86_64-linux": {
          "store_path": "/nix/store/7w2sblj4dx6jxin4jpvk907cys16m511-gh-2.44.1"
        }
      }
    },
    "git@latest": {
      "last_modified": "2024-02-22T01:07:56Z",
      "resolved": "github:NixOS/nixpkgs/98b00b6947a9214381112bdb6f89c25498db4959#git",
      "source": "devbox-search",
      "version": "2.43.0",
      "systems": {
        "aarch64-darwin": {
          "store_path": "/nix/store/nmsx3gm0f22wk9sg9z6jl48fdf9hmdnm-git-2.43.0"
        },
        "aarch64-linux": {
          "store_path": "/nix/store/grqv267gs0vqvymbvfapcsk7x52d892p-git-2.43.0"
        },
        "x86_64-darwin": {
          "store_path": "/nix/store/grv5vf601dkfhkgkj18v2dnx2afjizn1-git-2.43.0"
        },
        "x86_64-linux": {
          "store_path": "/nix/store/zcmh6zkcvw838kxzw6sr9g1klnwcr268-git-2.43.0"
        }
      }
    },
    "gnupg@latest": {
      "last_modified": "2024-02-10T18:15:24Z",
      "resolved": "github:NixOS/nixpkgs/10b813040df67c4039086db0f6eaf65c536886c6#gnupg",
      "source": "devbox-search",
      "version": "2.4.4",
      "systems": {
        "aarch64-darwin": {
          "store_path": "/nix/store/511x0jxr3d9n3d8430r7ckh6k8n7565i-gnupg-2.4.4"
        },
        "aarch64-linux": {
          "store_path": "/nix/store/f6vjgs9l2ikzqkg48fnbqygapgkvz46q-gnupg-2.4.4"
        },
        "x86_64-darwin": {
          "store_path": "/nix/store/zizsqpmlkh3fxapwzra0vvj1jwcmhn60-gnupg-2.4.4"
        },
        "x86_64-linux": {
          "store_path": "/nix/store/cnabrrrz72p6sjc7rrsrpjppd9481jvc-gnupg-2.4.4"
        }
      }
    },
    "gnused@latest": {
      "last_modified": "2024-02-10T18:15:24Z",
      "resolved": "github:NixOS/nixpkgs/10b813040df67c4039086db0f6eaf65c536886c6#gnused",
      "source": "devbox-search",
      "version": "4.9",
      "systems": {
        "aarch64-darwin": {
          "store_path": "/nix/store/g44k88l2xg41bgsdhsw609smypmiz6j7-gnused-4.9"
        },
        "aarch64-linux": {
          "store_path": "/nix/store/c6gw139ga6cf2i9kql1sjr8d4jf73wlq-gnused-4.9"
        },
        "x86_64-darwin": {
          "store_path": "/nix/store/1ss2viijz0gqygsj3myj4cwyhzp9jml2-gnused-4.9"
        },
        "x86_64-linux": {
          "store_path": "/nix/store/vd92lhcxs39hbdnzj8ycak5wvj466s3l-gnused-4.9"
        }
      }
    },
    "gnutar@latest": {
      "last_modified": "2024-02-10T18:15:24Z",
      "resolved": "github:NixOS/nixpkgs/10b813040df67c4039086db0f6eaf65c536886c6#gnutar",
      "source": "devbox-search",
      "version": "1.35",
      "systems": {
        "aarch64-darwin": {
          "store_path": "/nix/store/ivklia9w69144iys517bvbc0d8paj2ai-gnutar-1.35"
        },
        "aarch64-linux": {
          "store_path": "/nix/store/47v99h37cii18c6rj3hrcy4lk9k1b1r2-gnutar-1.35"
        },
        "x86_64-darwin": {
          "store_path": "/nix/store/q9c680knkjwqinn01zpca6bcdww7c8rb-gnutar-1.35"
        },
        "x86_64-linux": {
          "store_path": "/nix/store/1ds6c0i7z4advdr0z210sxgvmq786h09-gnutar-1.35"
        }
      }
    },
    "go@latest": {
      "last_modified": "2024-02-10T18:15:24Z",
      "resolved": "github:NixOS/nixpkgs/10b813040df67c4039086db0f6eaf65c536886c6#go_1_22",
      "source": "devbox-search",
      "version": "1.22.0",
      "systems": {
        "aarch64-darwin": {
          "store_path": "/nix/store/8d918c8nf7f7lq08vgd3mwaa9xccz01a-go-1.22.0"
        },
        "aarch64-linux": {
          "store_path": "/nix/store/czs9i91vs8lvqfp492ppls2dq5cfjnrz-go-1.22.0"
        },
        "x86_64-darwin": {
          "store_path": "/nix/store/a0yx16v64wm7wlk55fnf6vs7b0rqx8yr-go-1.22.0"
        },
        "x86_64-linux": {
          "store_path": "/nix/store/v2hwzp398da6s8vwgckf59xxx0va00pc-go-1.22.0"
        }
      }
    },
    "htop@latest": {
      "last_modified": "2024-02-10T18:15:24Z",
      "resolved": "github:NixOS/nixpkgs/10b813040df67c4039086db0f6eaf65c536886c6#htop",
      "source": "devbox-search",
      "version": "3.3.0",
      "systems": {
        "aarch64-darwin": {
          "store_path": "/nix/store/xsricicfvsx7wql3pgdlawf4299zjnix-htop-3.3.0"
        },
        "aarch64-linux": {
          "store_path": "/nix/store/a1z6blz7ipy5dzvx39wpv9wzin3drk1h-htop-3.3.0"
        },
        "x86_64-darwin": {
          "store_path": "/nix/store/a6w5nacjaak9df0wxnldk8q1v7v9hqwf-htop-3.3.0"
        },
        "x86_64-linux": {
          "store_path": "/nix/store/6nm5rkd7gmdjj3528zbhwiazr98hgj2a-htop-3.3.0"
        }
      }
    },
    "hyperfine@latest": {
      "last_modified": "2024-02-10T18:15:24Z",
      "resolved": "github:NixOS/nixpkgs/10b813040df67c4039086db0f6eaf65c536886c6#hyperfine",
      "source": "devbox-search",
      "version": "1.18.0",
      "systems": {
        "aarch64-darwin": {
          "store_path": "/nix/store/35iinmxd5r6jcnmgk21m4zcqd2fy3f5b-hyperfine-1.18.0"
        },
        "aarch64-linux": {
          "store_path": "/nix/store/k45ir6qrvzs48hs9zs5lh7jhj3pcjs6q-hyperfine-1.18.0"
        },
        "x86_64-darwin": {
          "store_path": "/nix/store/ywa91a7prszc64f48k04j8kls508hbrp-hyperfine-1.18.0"
        },
        "x86_64-linux": {
          "store_path": "/nix/store/d8r9l2ikkrfb9vgg0zskpb2h3ip9g2ni-hyperfine-1.18.0"
        }
      }
    },
    "jq@latest": {
      "last_modified": "2024-02-22T01:07:56Z",
      "resolved": "github:NixOS/nixpkgs/98b00b6947a9214381112bdb6f89c25498db4959#jq",
      "source": "devbox-search",
      "version": "1.7.1",
      "systems": {
        "aarch64-darwin": {
          "store_path": "/nix/store/k2rjgwfkp5hjbbvxdgsnbgpxf7jv6sgi-jq-1.7.1-bin"
        },
        "aarch64-linux": {
          "store_path": "/nix/store/v987aprwbqv8r14rxrwyzghvdvkka9sp-jq-1.7.1-bin"
        },
        "x86_64-darwin": {
          "store_path": "/nix/store/am3lvjwb84mr3z9vcrkisipszry2dm3f-jq-1.7.1-bin"
        },
        "x86_64-linux": {
          "store_path": "/nix/store/0pvx8malgl8yw5f1bdzxxpjbrg0pa47l-jq-1.7.1-bin"
        }
      }
    },
    "k9s@latest": {
      "last_modified": "2024-02-19T20:09:34Z",
      "resolved": "github:NixOS/nixpkgs/93e1c2d08467d1117ebac45689469613a9fe8453#k9s",
      "source": "devbox-search",
      "version": "0.31.9",
      "systems": {
        "aarch64-darwin": {
          "store_path": "/nix/store/x2rsv4davvg753g92lhk1pwam3d7d6jn-k9s-0.31.9"
        },
        "aarch64-linux": {
          "store_path": "/nix/store/a5m3iv2xbqzad7yssbnnfp7x0swsnvp9-k9s-0.31.9"
        },
        "x86_64-darwin": {
          "store_path": "/nix/store/l1cjzwpb9kdc5j9wz7mb22d0v88mlw19-k9s-0.31.9"
        },
        "x86_64-linux": {
          "store_path": "/nix/store/1bm25z0hf8akf59sa0vd608lz51fys1v-k9s-0.31.9"
        }
      }
    },
    "kind@latest": {
      "last_modified": "2024-02-17T16:08:43Z",
      "resolved": "github:NixOS/nixpkgs/52e1f314725b09b354336d17c7b8bd2442b7b8e4#kind",
      "source": "devbox-search",
      "version": "0.22.0",
      "systems": {
        "aarch64-darwin": {
          "store_path": "/nix/store/0ywagqpak13l3jdxcmvwwdqbg88dsg61-kind-0.22.0"
        },
        "aarch64-linux": {
          "store_path": "/nix/store/klkzwml5vgf0kcjxzzngjzsnwkcarvqi-kind-0.22.0"
        },
        "x86_64-darwin": {
          "store_path": "/nix/store/77qhlbb500z2rf3ffl5kfi1j12ik086b-kind-0.22.0"
        },
        "x86_64-linux": {
          "store_path": "/nix/store/gxwzy4gxhv14jw77bd51bs7raqaivvra-kind-0.22.0"
        }
      }
    },
    "kubectl@latest": {
      "last_modified": "2024-02-16T04:19:51Z",
      "resolved": "github:NixOS/nixpkgs/5e55f0bb65124b05d0a52e164514c03596023634#kubectl",
      "source": "devbox-search",
      "version": "1.29.2",
      "systems": {
        "aarch64-darwin": {
          "store_path": "/nix/store/cgpr0l3xmldhnzrh850ckx8vb7shynlf-kubectl-1.29.2"
        },
        "aarch64-linux": {
          "store_path": "/nix/store/2lwyw6748w9cfb42i1gnri6dalgc3v1m-kubectl-1.29.2"
        },
        "x86_64-darwin": {
          "store_path": "/nix/store/340hrn8w6242c29p5pvf8j29pp5crpa9-kubectl-1.29.2"
        },
        "x86_64-linux": {
          "store_path": "/nix/store/rv3wg60j7m8c622d2xk44cxwpwdyr26z-kubectl-1.29.2"
        }
      }
    },
    "kubernetes-helm@latest": {
      "last_modified": "2024-02-15T12:53:33Z",
      "resolved": "github:NixOS/nixpkgs/085589047343aad800c4d305cf7b98e8a3d51ae2#kubernetes-helm",
      "source": "devbox-search",
      "version": "3.14.1",
      "systems": {
        "aarch64-darwin": {
          "store_path": "/nix/store/xg8xj4pd6c1cynyyzkwi9qkcj2v2ksg6-kubernetes-helm-3.14.1"
        },
        "aarch64-linux": {
          "store_path": "/nix/store/3nprlrbncvgs8bf411xnwgb2mgr6k4jg-kubernetes-helm-3.14.1"
        },
        "x86_64-darwin": {
          "store_path": "/nix/store/9dqgq61nf65fqmhma7sf905ywlvlbhfn-kubernetes-helm-3.14.1"
        },
        "x86_64-linux": {
          "store_path": "/nix/store/fqyfxm43pp2dfaw5qx17ss77zm7kp5nd-kubernetes-helm-3.14.1"
        }
      }
    },
    "lsof@latest": {
      "last_modified": "2024-02-10T18:15:24Z",
      "resolved": "github:NixOS/nixpkgs/10b813040df67c4039086db0f6eaf65c536886c6#lsof",
      "source": "devbox-search",
      "version": "4.99.3",
      "systems": {
        "aarch64-darwin": {
          "store_path": "/nix/store/xlm5z9pkych030036p8j8yxlcfpgzkh6-lsof-4.99.3"
        },
        "aarch64-linux": {
          "store_path": "/nix/store/rbgcbksma9rshdpqz0qyiigy23psnw9i-lsof-4.99.3"
        },
        "x86_64-darwin": {
          "store_path": "/nix/store/rv14sl6s6zva2mlkvly86n57ppfwf085-lsof-4.99.3"
        },
        "x86_64-linux": {
          "store_path": "/nix/store/aihn5dqj4pln1c9lnvl29r0di1q76pmz-lsof-4.99.3"
        }
      }
    },
    "neovim@latest": {
      "last_modified": "2024-02-13T17:33:50Z",
      "resolved": "github:NixOS/nixpkgs/dd7b7a8f7b2943862403e40972e67823058f3525#neovim",
      "source": "devbox-search",
      "version": "0.9.5",
      "systems": {
        "aarch64-darwin": {
          "store_path": "/nix/store/mya3njdhzbzrk4wkka47p89pvhvnycpb-neovim-0.9.5"
        },
        "aarch64-linux": {
          "store_path": "/nix/store/ajqnx77zqah3inpm297rlnwfvhbggzfg-neovim-0.9.5"
        },
        "x86_64-darwin": {
          "store_path": "/nix/store/fww1v8qwnqaff8gv29gkdcjf8hhk9na5-neovim-0.9.5"
        },
        "x86_64-linux": {
          "store_path": "/nix/store/6jkpjf4974gi17wi7pbhmmv4zvbj6b13-neovim-0.9.5"
        }
      }
    },
    "nettools@latest": {
      "last_modified": "2024-02-10T18:15:24Z",
      "resolved": "github:NixOS/nixpkgs/10b813040df67c4039086db0f6eaf65c536886c6#nettools",
      "source": "devbox-search",
      "version": "2.10",
      "systems": {
        "aarch64-linux": {
          "store_path": "/nix/store/2kjfn1n1jy00xx4biys3mpvi7rv4dj32-net-tools-2.10"
        },
        "x86_64-linux": {
          "store_path": "/nix/store/47g5npwr3fg0vpxihgrplc1jsvpnyg4j-net-tools-2.10"
        }
      }
    },
    "nmap@latest": {
      "last_modified": "2024-02-10T18:15:24Z",
      "resolved": "github:NixOS/nixpkgs/10b813040df67c4039086db0f6eaf65c536886c6#nmap",
      "source": "devbox-search",
      "version": "7.94",
      "systems": {
        "aarch64-darwin": {
          "store_path": "/nix/store/v8nwzq1jgk0dr0b80b0pmybgfgfcidib-nmap-7.94"
        },
        "aarch64-linux": {
          "store_path": "/nix/store/ysy7qyy7m1b9199xjqi7djxfhkcq20j9-nmap-7.94"
        },
        "x86_64-darwin": {
          "store_path": "/nix/store/m37n9qdjk26cdlmjwqx17hlqlprlz83r-nmap-7.94"
        },
        "x86_64-linux": {
          "store_path": "/nix/store/xpj790n5r50sqr88b38wrfma3gnb91hw-nmap-7.94"
        }
      }
    },
    "nodePackages.neovim@latest": {
      "last_modified": "2024-02-15T12:53:33Z",
      "resolved": "github:NixOS/nixpkgs/085589047343aad800c4d305cf7b98e8a3d51ae2#nodePackages.neovim",
      "source": "devbox-search",
      "version": "4.10.1",
      "systems": {
        "aarch64-darwin": {
          "store_path": "/nix/store/rvmvisaa01p33l4mb8f10l3giqaqz1w3-neovim-4.10.1"
        },
        "aarch64-linux": {
          "store_path": "/nix/store/3j7z4lymj5mfmyiy7h0j6q3nmc7ynfbs-neovim-4.10.1"
        },
        "x86_64-darwin": {
          "store_path": "/nix/store/lx342v13xkzzmf8kj227h1kw8iiy9b9c-neovim-4.10.1"
        },
        "x86_64-linux": {
          "store_path": "/nix/store/zfxnixm46khfy56jxlv76nfr9vaipyyi-neovim-4.10.1"
        }
      }
    },
    "nodejs@latest": {
      "last_modified": "2024-02-15T12:53:33Z",
      "resolved": "github:NixOS/nixpkgs/085589047343aad800c4d305cf7b98e8a3d51ae2#nodejs_21",
      "source": "devbox-search",
      "version": "21.6.2",
      "systems": {
        "aarch64-darwin": {
          "store_path": "/nix/store/g1v8xrnj54xyvn6gf73mnw9pdwrdzmdi-nodejs-21.6.2"
        },
        "aarch64-linux": {
          "store_path": "/nix/store/7ywds3cnww6ahc45g28c3c2rnf2aky2s-nodejs-21.6.2"
        },
        "x86_64-darwin": {
          "store_path": "/nix/store/scbarnsw7m2g4j2m6rp5c82wyv1fzg8l-nodejs-21.6.2"
        },
        "x86_64-linux": {
          "store_path": "/nix/store/6cip7ljx563rlyfnzwkfzf6gxpy1lid0-nodejs-21.6.2"
        }
      }
    },
    "pinentry@latest": {
      "last_modified": "2024-02-22T01:07:56Z",
      "resolved": "github:NixOS/nixpkgs/98b00b6947a9214381112bdb6f89c25498db4959#pinentry",
      "source": "devbox-search",
      "version": "1.2.1",
      "systems": {
        "aarch64-darwin": {
          "store_path": "/nix/store/91krsdr76dfariyljxyf80h9pzv0l56g-pinentry-1.2.1"
        },
        "aarch64-linux": {
          "store_path": "/nix/store/cm0k8h7qg6gnrlbw9yyn1k360nd950jh-pinentry-1.2.1"
        },
        "x86_64-darwin": {
          "store_path": "/nix/store/6s7mzvik8fmzcjcblb02mil7nr12dffx-pinentry-1.2.1"
        },
        "x86_64-linux": {
          "store_path": "/nix/store/p5878w19bbsghchgfli761lwkgyw3w19-pinentry-1.2.1"
        }
      }
    },
    "podman@latest": {
      "last_modified": "2024-02-20T22:56:03Z",
      "resolved": "github:NixOS/nixpkgs/5eeded8e3518579daa13887297efa79f5be74b41#podman",
      "source": "devbox-search",
      "version": "4.9.3",
      "systems": {
        "aarch64-darwin": {
          "store_path": "/nix/store/nq0wj1msh0xyhk4ay60h1dbqlqn4mx0b-podman-4.9.3"
        },
        "aarch64-linux": {
          "store_path": "/nix/store/7ig0n3ifri1zyabv2x5i5as71y16a543-podman-4.9.3"
        },
        "x86_64-darwin": {
          "store_path": "/nix/store/h9285xz51b9cvvmbklpmbg0n8bqmi39x-podman-4.9.3"
        },
        "x86_64-linux": {
          "store_path": "/nix/store/hb56qk6nrsqcxcnca74lrxdyll4zjq2y-podman-4.9.3"
        }
      }
    },
    "qemu@latest": {
      "last_modified": "2024-02-20T22:56:03Z",
      "resolved": "github:NixOS/nixpkgs/5eeded8e3518579daa13887297efa79f5be74b41#qemu",
      "source": "devbox-search",
      "version": "8.2.1",
      "systems": {
        "aarch64-darwin": {
          "store_path": "/nix/store/2yi9ba93c2xlgxcjrla87yjfa88c6ifj-qemu-8.2.1"
        },
        "aarch64-linux": {
          "store_path": "/nix/store/mjzsax84njpiskr47blnfb0y72f1vy9q-qemu-8.2.1"
        },
        "x86_64-darwin": {
          "store_path": "/nix/store/l7yxdcbg488s7dfyl4s8w6aib0al7k1p-qemu-8.2.1"
        },
        "x86_64-linux": {
          "store_path": "/nix/store/znwkq5wim983q3xbxyx00z3sga21kwba-qemu-8.2.1"
        }
      }
    },
    "rsync@latest": {
      "last_modified": "2024-02-10T18:15:24Z",
      "resolved": "github:NixOS/nixpkgs/10b813040df67c4039086db0f6eaf65c536886c6#rsync",
      "source": "devbox-search",
      "version": "3.2.7",
      "systems": {
        "aarch64-darwin": {
          "store_path": "/nix/store/dsqzqql434x72yla2r9ym8m3s2zhzwvr-rsync-3.2.7"
        },
        "aarch64-linux": {
          "store_path": "/nix/store/mni9l32kal42hj8mfypcsdjckkfmd6j0-rsync-3.2.7"
        },
        "x86_64-darwin": {
          "store_path": "/nix/store/a6swi3v86hpdvdl65lq4lni9ircfvcfb-rsync-3.2.7"
        },
        "x86_64-linux": {
          "store_path": "/nix/store/f4jnq9623p3kj273s7kz9skr8n2bj1fb-rsync-3.2.7"
        }
      }
    },
    "ruby@latest": {
      "last_modified": "2024-02-10T18:15:24Z",
      "plugin_version": "0.0.2",
      "resolved": "github:NixOS/nixpkgs/10b813040df67c4039086db0f6eaf65c536886c6#ruby_3_3",
      "source": "devbox-search",
      "version": "3.3.0",
      "systems": {
        "aarch64-darwin": {
          "store_path": "/nix/store/7rawja8vh9w9ays7vxjdml3jn7kwmwr6-ruby-3.3.0"
        },
        "aarch64-linux": {
          "store_path": "/nix/store/75wihcgrk70qcfd07d36kiyr4ddqrfqc-ruby-3.3.0"
        },
        "x86_64-darwin": {
          "store_path": "/nix/store/rh9fnnkiw7dckch9jgbabrhnsbnmcfvl-ruby-3.3.0"
        },
        "x86_64-linux": {
          "store_path": "/nix/store/dmflx3hwdk6iyv8c1k5fz8vdh8d6zgxv-ruby-3.3.0"
        }
      }
    },
    "rustup@latest": {
      "last_modified": "2024-02-10T18:15:24Z",
      "plugin_version": "0.0.1",
      "resolved": "github:NixOS/nixpkgs/10b813040df67c4039086db0f6eaf65c536886c6#rustup",
      "source": "devbox-search",
      "version": "1.26.0",
      "systems": {
        "aarch64-darwin": {
          "store_path": "/nix/store/ipk044pwn4bqpf4sizdi401hrsg1k7nw-rustup-1.26.0"
        },
        "aarch64-linux": {
          "store_path": "/nix/store/41jqx3sj0wwy4jzslcn2577s5cn499pi-rustup-1.26.0"
        },
        "x86_64-darwin": {
          "store_path": "/nix/store/0y4kar3ffvqxri118m6n91g5wwf18947-rustup-1.26.0"
        },
        "x86_64-linux": {
          "store_path": "/nix/store/z9qf2b4a2098zvb9qvgf2yb8k0l3w4r2-rustup-1.26.0"
        }
      }
    },
    "shfmt@latest": {
      "last_modified": "2024-02-13T17:33:50Z",
      "resolved": "github:NixOS/nixpkgs/dd7b7a8f7b2943862403e40972e67823058f3525#shfmt",
      "source": "devbox-search",
      "version": "3.8.0",
      "systems": {
        "aarch64-darwin": {
          "store_path": "/nix/store/46lkxi1q0d6cilx3m4r49hczm6iac1kv-shfmt-3.8.0"
        },
        "aarch64-linux": {
          "store_path": "/nix/store/yhlhzdm2lswdhvnkjaqja950v8kp1ihz-shfmt-3.8.0"
        },
        "x86_64-darwin": {
          "store_path": "/nix/store/fn60wz8p4cpfzljcrbdsj649drgan5j2-shfmt-3.8.0"
        },
        "x86_64-linux": {
          "store_path": "/nix/store/nmgznxckl0740214pbvxk62rvykvrrmd-shfmt-3.8.0"
        }
      }
    },
    "stow@latest": {
      "last_modified": "2024-02-10T18:15:24Z",
      "resolved": "github:NixOS/nixpkgs/10b813040df67c4039086db0f6eaf65c536886c6#stow",
      "source": "devbox-search",
      "version": "2.3.1",
      "systems": {
        "aarch64-darwin": {
          "store_path": "/nix/store/bjd1p8q1sxipy326j6r83aghp7q4d7qj-stow-2.3.1"
        },
        "aarch64-linux": {
          "store_path": "/nix/store/xghrxmxnbp0vv7aqm9c8xkazgshzlpdh-stow-2.3.1"
        },
        "x86_64-darwin": {
          "store_path": "/nix/store/64cf0j780wf7m83k2g9a6jnsq9kj4kag-stow-2.3.1"
        },
        "x86_64-linux": {
          "store_path": "/nix/store/d103bl3l18njz0yl1qjmz4p3xz9vxfk0-stow-2.3.1"
        }
      }
    },
    "tig@latest": {
      "last_modified": "2024-02-10T18:15:24Z",
      "resolved": "github:NixOS/nixpkgs/10b813040df67c4039086db0f6eaf65c536886c6#tig",
      "source": "devbox-search",
      "version": "2.5.8",
      "systems": {
        "aarch64-darwin": {
          "store_path": "/nix/store/v4xknw2f0sk1vqj7rzjl4af7r944s4xk-tig-2.5.8"
        },
        "aarch64-linux": {
          "store_path": "/nix/store/yxvkfxbj7s3yjpf4b37x2zsnyza5fhr8-tig-2.5.8"
        },
        "x86_64-darwin": {
          "store_path": "/nix/store/l0v0fax5qadgq62y58nrgv1s5wv0wyq2-tig-2.5.8"
        },
        "x86_64-linux": {
          "store_path": "/nix/store/9xwndsiqmx5zxlc83hmn4czx00zb575b-tig-2.5.8"
        }
      }
    },
    "tldr@latest": {
      "last_modified": "2024-02-10T18:15:24Z",
      "resolved": "github:NixOS/nixpkgs/10b813040df67c4039086db0f6eaf65c536886c6#tldr",
      "source": "devbox-search",
      "version": "1.6.1",
      "systems": {
        "aarch64-darwin": {
          "store_path": "/nix/store/az30yrkbmynz60y0vp0dbp4kdh7i8rxf-tldr-1.6.1"
        },
        "aarch64-linux": {
          "store_path": "/nix/store/p56i3k0w5h8psfi8zl1xas5rya8ff1wj-tldr-1.6.1"
        },
        "x86_64-darwin": {
          "store_path": "/nix/store/1zvgndq1afvxkph4c77a9h3pjrb5r3ci-tldr-1.6.1"
        },
        "x86_64-linux": {
          "store_path": "/nix/store/h75l6np8f2lxgw4s9r39pvajq0k1m1bg-tldr-1.6.1"
        }
      }
    },
    "tmux@latest": {
      "last_modified": "2024-02-20T22:56:03Z",
      "resolved": "github:NixOS/nixpkgs/5eeded8e3518579daa13887297efa79f5be74b41#tmux",
      "source": "devbox-search",
      "version": "3.4",
      "systems": {
        "aarch64-darwin": {
          "store_path": "/nix/store/88r46h4arddyngrgfazkfsfjpxv4gnky-tmux-3.4"
        },
        "aarch64-linux": {
          "store_path": "/nix/store/35j02q6zpcvvpxpng1rn4h2k49fpllgs-tmux-3.4"
        },
        "x86_64-darwin": {
          "store_path": "/nix/store/9b9d1jarwg9bfiyrbwm1nr82cyh9ap44-tmux-3.4"
        },
        "x86_64-linux": {
          "store_path": "/nix/store/n5yv0hbw8x0dp8jr75zgpyqjm2a79fcr-tmux-3.4"
        }
      }
    },
    "tmuxPlugins.sensible@latest": {
      "last_modified": "2024-02-10T18:15:24Z",
      "resolved": "github:NixOS/nixpkgs/10b813040df67c4039086db0f6eaf65c536886c6#tmuxPlugins.sensible",
      "source": "devbox-search",
      "version": "2017-09-05",
      "systems": {
        "x86_64-linux": {
          "store_path": "/nix/store/fjabpzxcx8iqn1a3myr76yq4j47hnhqw-tmuxplugin-sensible-unstable-2017-09-05"
        }
      }
    },
    "tmuxPlugins.yank@latest": {
      "last_modified": "2024-02-10T18:15:24Z",
      "resolved": "github:NixOS/nixpkgs/10b813040df67c4039086db0f6eaf65c536886c6#tmuxPlugins.yank",
      "source": "devbox-search",
      "version": "2021-06-20",
      "systems": {
        "x86_64-linux": {
          "store_path": "/nix/store/ldx6dnlrg2sgvanai6z6spkjxw4sr1rc-tmuxplugin-yank-unstable-2021-06-20"
        }
      }
    },
    "tmuxinator@latest": {
      "last_modified": "2024-02-10T18:15:24Z",
      "resolved": "github:NixOS/nixpkgs/10b813040df67c4039086db0f6eaf65c536886c6#tmuxinator",
      "source": "devbox-search",
      "version": "3.0.5",
      "systems": {
        "aarch64-darwin": {
          "store_path": "/nix/store/97ggpfs8y5a5i3fc1w7x35b3lp8j5sva-tmuxinator-3.0.5"
        },
        "aarch64-linux": {
          "store_path": "/nix/store/3xpnnscirr99s91f8xz6q6yf1s7smvhx-tmuxinator-3.0.5"
        },
        "x86_64-darwin": {
          "store_path": "/nix/store/4b0640cz2mxsmm41dxfm9qwq40mv2y2b-tmuxinator-3.0.5"
        },
        "x86_64-linux": {
          "store_path": "/nix/store/q55296qdjbhnvymqbf7w925m3c6pai1k-tmuxinator-3.0.5"
        }
      }
    },
    "tree-sitter@latest": {
      "last_modified": "2024-02-13T17:33:50Z",
      "resolved": "github:NixOS/nixpkgs/dd7b7a8f7b2943862403e40972e67823058f3525#tree-sitter",
      "source": "devbox-search",
      "version": "0.20.9",
      "systems": {
        "aarch64-darwin": {
          "store_path": "/nix/store/k6va2q3xpwf0g1l10mrsbmdck7v9yw83-tree-sitter-0.20.9"
        },
        "aarch64-linux": {
          "store_path": "/nix/store/y01z5c64l936xgciqmvwap60rsmb220f-tree-sitter-0.20.9"
        },
        "x86_64-darwin": {
          "store_path": "/nix/store/v2lzxdnzs78jinaln3znhbwra9vbhzbr-tree-sitter-0.20.9"
        },
        "x86_64-linux": {
          "store_path": "/nix/store/6hhc4v00bdic9f155pani8w2d1ia2djr-tree-sitter-0.20.9"
        }
      }
    },
    "tree@latest": {
      "last_modified": "2024-02-10T18:15:24Z",
      "resolved": "github:NixOS/nixpkgs/10b813040df67c4039086db0f6eaf65c536886c6#tree",
      "source": "devbox-search",
      "version": "2.1.1",
      "systems": {
        "aarch64-darwin": {
          "store_path": "/nix/store/20jlg3f6hf6y4g7k29bhvsg0jhv293d8-tree-2.1.1"
        },
        "aarch64-linux": {
          "store_path": "/nix/store/9ndcdqrph2r9lil50x6vkfwl4czz1gix-tree-2.1.1"
        },
        "x86_64-darwin": {
          "store_path": "/nix/store/cd83dwbyvja84wkkzdpknlfw49ny839x-tree-2.1.1"
        },
        "x86_64-linux": {
          "store_path": "/nix/store/nhgbr4a6jc26sdzmikakpmmcicplkwqv-tree-2.1.1"
        }
      }
    },
    "uutils-coreutils@latest": {
      "last_modified": "2024-02-10T18:15:24Z",
      "resolved": "github:NixOS/nixpkgs/10b813040df67c4039086db0f6eaf65c536886c6#uutils-coreutils",
      "source": "devbox-search",
      "version": "0.0.22",
      "systems": {
        "aarch64-darwin": {
          "store_path": "/nix/store/bhphyp7492jwr23dh7bcdsvsag82wh1h-uutils-coreutils-0.0.22"
        },
        "aarch64-linux": {
          "store_path": "/nix/store/p2g9jy1hm8j3p61cr5117q6149ij38rh-uutils-coreutils-0.0.22"
        },
        "x86_64-darwin": {
          "store_path": "/nix/store/zsvrhdcidll233k5iv9wvc6wnjdsi109-uutils-coreutils-0.0.22"
        },
        "x86_64-linux": {
          "store_path": "/nix/store/1y9bms7yc1m0c086l1049qv76hc0g052-uutils-coreutils-0.0.22"
        }
      }
    },
    "vimPlugins.packer-nvim@latest": {
      "last_modified": "2024-02-13T17:33:50Z",
      "resolved": "github:NixOS/nixpkgs/dd7b7a8f7b2943862403e40972e67823058f3525#vimPlugins.packer-nvim",
      "source": "devbox-search",
      "version": "2023-08-24",
      "systems": {
        "aarch64-darwin": {
          "store_path": "/nix/store/4pb2fhlks6n18sj3m5vs5lnirfx31scs-vimplugin-packer.nvim-2023-08-24"
        },
        "aarch64-linux": {
          "store_path": "/nix/store/j0v4xzlp3gwqs6wjjwhnnfq2y0bw16pd-vimplugin-packer.nvim-2023-08-24"
        },
        "x86_64-darwin": {
          "store_path": "/nix/store/nlmsqhry3gvn2grb0lfbw5d6m338kngv-vimplugin-packer.nvim-2023-08-24"
        },
        "x86_64-linux": {
          "store_path": "/nix/store/anr921kwfynaj3j9bm4n7c5chfgz71ai-vimplugin-packer.nvim-2023-08-24"
        }
      }
    },
    "watch@latest": {
      "last_modified": "2023-02-24T09:01:09Z",
      "resolved": "github:NixOS/nixpkgs/7d0ed7f2e5aea07ab22ccb338d27fbe347ed2f11#watch",
      "source": "devbox-search",
      "version": "3.3.17",
      "systems": {
        "aarch64-darwin": {
          "store_path": "/nix/store/8n0jrrxwk8j71ncsrixajkjiydaarm2y-watch-procps-3.3.17"
        },
        "x86_64-darwin": {
          "store_path": "/nix/store/dh8y47j709rd3b48wflmgk053d1czs3g-watch-procps-3.3.17"
        },
        "x86_64-linux": {
          "store_path": "/nix/store/y560919p80md417rf7bwk8yimrjprj3k-watch-procps-3.3.17"
        }
      }
    },
    "yamllint@latest": {
      "last_modified": "2024-02-10T18:15:24Z",
      "resolved": "github:NixOS/nixpkgs/10b813040df67c4039086db0f6eaf65c536886c6#yamllint",
      "source": "devbox-search",
      "version": "1.33.0",
      "systems": {
        "aarch64-darwin": {
          "store_path": "/nix/store/rkrmw5x1g0fjr3q2bxgiizgd74x4rwij-python3.11-yamllint-1.33.0"
        },
        "aarch64-linux": {
          "store_path": "/nix/store/mlpwsqjwy4ghh497l1y72g0bpb8n81h2-python3.11-yamllint-1.33.0"
        },
        "x86_64-darwin": {
          "store_path": "/nix/store/9xq7x2p6wn18r1bzf6dkfjh9wg160dwi-python3.11-yamllint-1.33.0"
        },
        "x86_64-linux": {
          "store_path": "/nix/store/rlvh8gia0psic8wy741m72s0rvbc5l4c-python3.11-yamllint-1.33.0"
        }
      }
    },
    "yq@latest": {
      "last_modified": "2024-02-10T18:15:24Z",
      "resolved": "github:NixOS/nixpkgs/10b813040df67c4039086db0f6eaf65c536886c6#yq",
      "source": "devbox-search",
      "version": "3.2.3",
      "systems": {
        "aarch64-darwin": {
          "store_path": "/nix/store/mjknqdsyvi21i6pdwzcdfiz658jjj083-python3.11-yq-3.2.3"
        },
        "aarch64-linux": {
          "store_path": "/nix/store/5zaygj8c1vdj0nwcn1h53fif86s28lnw-python3.11-yq-3.2.3"
        },
        "x86_64-darwin": {
          "store_path": "/nix/store/k27g0786apig8f8bk8mvp71dai33v2ll-python3.11-yq-3.2.3"
        },
        "x86_64-linux": {
          "store_path": "/nix/store/pb7251g8a0c6y1r41j7z46kqs39pmxnj-python3.11-yq-3.2.3"
        }
      }
    },
    "zsh@latest": {
      "last_modified": "2024-02-17T16:08:43Z",
      "resolved": "github:NixOS/nixpkgs/52e1f314725b09b354336d17c7b8bd2442b7b8e4#zsh",
      "source": "devbox-search",
      "version": "5.9",
      "systems": {
        "aarch64-darwin": {
          "store_path": "/nix/store/bllgvkgn3pq1c5s1lfxrynk92lhfzfdd-zsh-5.9"
        },
        "aarch64-linux": {
          "store_path": "/nix/store/1plca6lp0qmbg3bkhy42rbcpfyx1md5m-zsh-5.9"
        },
        "x86_64-darwin": {
          "store_path": "/nix/store/a9p6w9iv0lisdgp1wxy1qgk8j1bf6wxs-zsh-5.9"
        },
        "x86_64-linux": {
          "store_path": "/nix/store/kxhl949fqrr9zkncf5hq2m94gi74dck8-zsh-5.9"
        }
      }
    }
  }
}
