{
  "lockfile_version": "1",
  "packages": {
    "ag@latest": {
      "last_modified": "2022-02-15T04:21:50Z",
      "resolved": "github:NixOS/nixpkgs/3a641defd170a4ef25ce8c7c64cb13f91f867fca#ag",
      "source": "devbox-search",
      "version": "2.2.0",
      "systems": {
        "aarch64-darwin": {
          "store_path": "/nix/store/nzqwhzpqqky8psr1v6f5zvjcqg1258d7-silver-searcher-2.2.0"
        },
        "x86_64-darwin": {
          "store_path": "/nix/store/p9mz0399j815bq5yxmk4cdvhvvfai9mz-silver-searcher-2.2.0"
        },
        "x86_64-linux": {
          "store_path": "/nix/store/2liyk11baj3g9r3svaazmhhmi574m9x2-silver-searcher-2.2.0"
        }
      }
    },
    "antigen@latest": {
      "last_modified": "2023-11-17T14:14:56Z",
      "resolved": "github:NixOS/nixpkgs/a71323f68d4377d12c04a5410e214495ec598d4c#antigen",
      "source": "devbox-search",
      "version": "2.2.3",
      "systems": {
        "x86_64-linux": {
          "store_path": "/nix/store/754lphgxkbml9i6l9z01iprws5np5a3i-antigen-2.2.3"
        }
      }
    },
    "bc@latest": {
      "last_modified": "2023-11-19T17:46:56Z",
      "resolved": "github:NixOS/nixpkgs/0bf3f5cf6a98b5d077cdcdb00a6d4b3d92bc78b5#bc",
      "source": "devbox-search",
      "version": "1.07.1",
      "systems": {
        "aarch64-darwin": {
          "store_path": "/nix/store/rvxcqjhrv903814iskklfy7xkhsxgppb-bc-1.07.1"
        },
        "aarch64-linux": {
          "store_path": "/nix/store/l58xk1x9iykckkqqgwy2b34w88axk571-bc-1.07.1"
        },
        "x86_64-darwin": {
          "store_path": "/nix/store/sqi089ffdln66lrgs4kkx22l29mb516y-bc-1.07.1"
        },
        "x86_64-linux": {
          "store_path": "/nix/store/jhgx2qkv81jzr2l3v23v3xvhf93hqwp5-bc-1.07.1"
        }
      }
    },
    "colordiff@latest": {
      "last_modified": "2023-11-19T17:46:56Z",
      "resolved": "github:NixOS/nixpkgs/0bf3f5cf6a98b5d077cdcdb00a6d4b3d92bc78b5#colordiff",
      "source": "devbox-search",
      "version": "1.0.21",
      "systems": {
        "aarch64-darwin": {
          "store_path": "/nix/store/wxm9l2j6yvpyn2xxy5z25adm1kr9yxsp-colordiff-1.0.21"
        },
        "aarch64-linux": {
          "store_path": "/nix/store/fpckkbkkc45gkaj0gnzy25rvxpp9ccb5-colordiff-1.0.21"
        },
        "x86_64-darwin": {
          "store_path": "/nix/store/ajjpjpg1ba2g18x3xw6lgb9sswvdqd40-colordiff-1.0.21"
        },
        "x86_64-linux": {
          "store_path": "/nix/store/wf4rm6fqg1m0iwc0rbh86lmqll52d3hw-colordiff-1.0.21"
        }
      }
    },
    "direnv@latest": {
      "last_modified": "2023-11-17T14:14:56Z",
      "resolved": "github:NixOS/nixpkgs/a71323f68d4377d12c04a5410e214495ec598d4c#direnv",
      "source": "devbox-search",
      "version": "2.32.3",
      "systems": {
        "aarch64-darwin": {
          "store_path": "/nix/store/r6kqpa7dvgklh84wj6lzbpcdj7vw47z9-direnv-2.32.3"
        },
        "aarch64-linux": {
          "store_path": "/nix/store/fvnlph0jmjxsdgy1aghsg83zzl9g7pb0-direnv-2.32.3"
        },
        "x86_64-darwin": {
          "store_path": "/nix/store/xgl6xg89rg167g89cpprnxsmp75788sl-direnv-2.32.3"
        },
        "x86_64-linux": {
          "store_path": "/nix/store/j39wscasn8f5qjdranl3ba0vh6crxf2m-direnv-2.32.3"
        }
      }
    },
    "docker-buildx@latest": {
      "last_modified": "2023-11-19T17:46:56Z",
      "resolved": "github:NixOS/nixpkgs/0bf3f5cf6a98b5d077cdcdb00a6d4b3d92bc78b5#docker-buildx",
      "source": "devbox-search",
      "version": "0.11.2",
      "systems": {
        "aarch64-darwin": {
          "store_path": "/nix/store/43fk2j7ffhlcv6iw2g6fk95chxfqp9vl-docker-buildx-0.11.2"
        },
        "aarch64-linux": {
          "store_path": "/nix/store/k1w2zkfvzykvwqfrjjmfrbnldmnpfcc2-docker-buildx-0.11.2"
        },
        "x86_64-darwin": {
          "store_path": "/nix/store/qmfxvr8mjwmrw9n0y14kaw61vp25rl0f-docker-buildx-0.11.2"
        },
        "x86_64-linux": {
          "store_path": "/nix/store/3dsxyck77cr51hqlinb0d79sc10i1bai-docker-buildx-0.11.2"
        }
      }
    },
    "docker-compose@latest": {
      "last_modified": "2023-11-19T17:46:56Z",
      "resolved": "github:NixOS/nixpkgs/0bf3f5cf6a98b5d077cdcdb00a6d4b3d92bc78b5#docker-compose",
      "source": "devbox-search",
      "version": "2.23.1",
      "systems": {
        "aarch64-darwin": {
          "store_path": "/nix/store/3szj05lv60azlnr7fwr1v0m48wbc9drv-docker-compose-2.23.1"
        },
        "aarch64-linux": {
          "store_path": "/nix/store/03y08l41wmg1g86wnjlw3wnqq0kpn3gs-docker-compose-2.23.1"
        },
        "x86_64-darwin": {
          "store_path": "/nix/store/zwmvgr8y8ni8yn6cifs0bm7xx6lmflxi-docker-compose-2.23.1"
        },
        "x86_64-linux": {
          "store_path": "/nix/store/rd2hybw2kw3mz6sgy3fmfvqbfg8p7iy7-docker-compose-2.23.1"
        }
      }
    },
    "docker@latest": {
      "last_modified": "2023-11-19T17:46:56Z",
      "resolved": "github:NixOS/nixpkgs/0bf3f5cf6a98b5d077cdcdb00a6d4b3d92bc78b5#docker",
      "source": "devbox-search",
      "version": "24.0.5",
      "systems": {
        "aarch64-darwin": {
          "store_path": "/nix/store/14dr1p9g67ria9fd9r81avfpscf83pr7-docker-24.0.5"
        },
        "aarch64-linux": {
          "store_path": "/nix/store/qxzbiy237q0kjywy7hmdhgix2klvbdia-docker-24.0.5"
        },
        "x86_64-darwin": {
          "store_path": "/nix/store/3h29sfnf5dxhrr61b6fdf281xi8zd33g-docker-24.0.5"
        },
        "x86_64-linux": {
          "store_path": "/nix/store/n9n30a7j3vxd92qzrryxcwzz5jwkhbnm-docker-24.0.5"
        }
      }
    },
    "elmPackages.elm-format@latest": {
      "last_modified": "2023-11-19T17:46:56Z",
      "resolved": "github:NixOS/nixpkgs/0bf3f5cf6a98b5d077cdcdb00a6d4b3d92bc78b5#elmPackages.elm-format",
      "source": "devbox-search",
      "version": "0.8.7",
      "systems": {
        "aarch64-darwin": {
          "store_path": "/nix/store/l92l5kfv47g2zyz2b7gpphks2jac8md5-elm-format-0.8.7"
        },
        "aarch64-linux": {
          "store_path": "/nix/store/b8da37w5hdsdqs3q4403hricnyw9f1n3-elm-format-0.8.7"
        },
        "x86_64-darwin": {
          "store_path": "/nix/store/1frkybp3pdl5b09rrp38fpnam7fi56cq-elm-format-0.8.7"
        },
        "x86_64-linux": {
          "store_path": "/nix/store/wbvp87dajndfy9mvnms7g84k41rrr2kp-elm-format-0.8.7"
        }
      }
    },
    "elmPackages.elm-language-server@latest": {
      "last_modified": "2023-11-19T17:46:56Z",
      "resolved": "github:NixOS/nixpkgs/0bf3f5cf6a98b5d077cdcdb00a6d4b3d92bc78b5#elmPackages.elm-language-server",
      "source": "devbox-search",
      "version": "2.7.3",
      "systems": {
        "aarch64-darwin": {
          "store_path": "/nix/store/cs2qfs2jg5vv6lhy8vrzrx9mcs2mh13p-_at_elm-tooling_slash_elm-language-server-2.7.3"
        },
        "aarch64-linux": {
          "store_path": "/nix/store/yrx5m764qb0i32zyfff9847fa961w27v-_at_elm-tooling_slash_elm-language-server-2.7.3"
        },
        "x86_64-darwin": {
          "store_path": "/nix/store/vwry1ynmn1pp71b6cqxfx25gcnaci96f-_at_elm-tooling_slash_elm-language-server-2.7.3"
        },
        "x86_64-linux": {
          "store_path": "/nix/store/6b9wic98zrivvhpp8gjacvddziq15syi-_at_elm-tooling_slash_elm-language-server-2.7.3"
        }
      }
    },
    "elmPackages.elm-test@latest": {
      "last_modified": "2023-11-19T17:46:56Z",
      "resolved": "github:NixOS/nixpkgs/0bf3f5cf6a98b5d077cdcdb00a6d4b3d92bc78b5#elmPackages.elm-test",
      "source": "devbox-search",
      "version": "0.19.1-revision12",
      "systems": {
        "aarch64-darwin": {
          "store_path": "/nix/store/yhkhaam6wsya9sr5bgrpjgp94x5d3ffv-elm-test-0.19.1-revision12"
        },
        "aarch64-linux": {
          "store_path": "/nix/store/rgsv6a0q8y1pjz0mv64dxi98rjdww9l1-elm-test-0.19.1-revision12"
        },
        "x86_64-darwin": {
          "store_path": "/nix/store/y49zfswb55d6a465pjvjw848bl21fzqc-elm-test-0.19.1-revision12"
        },
        "x86_64-linux": {
          "store_path": "/nix/store/smvw58fd5hdwvc7z9svr92jy39dif15d-elm-test-0.19.1-revision12"
        }
      }
    },
    "elmPackages.elm@latest": {
      "last_modified": "2023-11-19T17:46:56Z",
      "resolved": "github:NixOS/nixpkgs/0bf3f5cf6a98b5d077cdcdb00a6d4b3d92bc78b5#elmPackages.elm",
      "source": "devbox-search",
      "version": "0.19.1",
      "systems": {
        "aarch64-darwin": {
          "store_path": "/nix/store/a3hafpk1qgrs17ky3d35j0q0n0bxy154-elm-0.19.1"
        },
        "aarch64-linux": {
          "store_path": "/nix/store/97dkq2wi0zp50vgnicjlfa8pds95q6z8-elm-0.19.1"
        },
        "x86_64-darwin": {
          "store_path": "/nix/store/6bjzn41894sxrd85jck6i39wnxpi0im2-elm-0.19.1"
        },
        "x86_64-linux": {
          "store_path": "/nix/store/jrf8bcscl0cic84vicsj2bprrz5yx58q-elm-0.19.1"
        }
      }
    },
    "fd@latest": {
      "last_modified": "2023-11-19T17:46:56Z",
      "resolved": "github:NixOS/nixpkgs/0bf3f5cf6a98b5d077cdcdb00a6d4b3d92bc78b5#fd",
      "source": "devbox-search",
      "version": "8.7.1",
      "systems": {
        "aarch64-darwin": {
          "store_path": "/nix/store/42prm166n25p6jkqfr8p15006qq90dji-fd-8.7.1"
        },
        "aarch64-linux": {
          "store_path": "/nix/store/5c04pksg8amw4lgpy0giblbnrmds5b9d-fd-8.7.1"
        },
        "x86_64-darwin": {
          "store_path": "/nix/store/wb4w67qrh3gqi9dnijcgy8va4f88ksar-fd-8.7.1"
        },
        "x86_64-linux": {
          "store_path": "/nix/store/57sfr6cpfm92l8yprgz4m05jmcpk0awy-fd-8.7.1"
        }
      }
    },
    "fluxcd@latest": {
      "last_modified": "2023-11-19T17:46:56Z",
      "resolved": "github:NixOS/nixpkgs/0bf3f5cf6a98b5d077cdcdb00a6d4b3d92bc78b5#fluxcd",
      "source": "devbox-search",
      "version": "2.1.2",
      "systems": {
        "aarch64-darwin": {
          "store_path": "/nix/store/g93h4mwqns0b38sjfjax1s9wn2z3ilrz-fluxcd-2.1.2"
        },
        "aarch64-linux": {
          "store_path": "/nix/store/chxwd356r1765k781k7gsrv6mc4w6zzf-fluxcd-2.1.2"
        },
        "x86_64-darwin": {
          "store_path": "/nix/store/1lsv4g3nckdqks6za1r6hk50a4d77fbr-fluxcd-2.1.2"
        },
        "x86_64-linux": {
          "store_path": "/nix/store/v2rnvddfpsr1yzv5nf31883gia6b7cvg-fluxcd-2.1.2"
        }
      }
    },
    "fzf@latest": {
      "last_modified": "2023-11-19T17:46:56Z",
      "resolved": "github:NixOS/nixpkgs/0bf3f5cf6a98b5d077cdcdb00a6d4b3d92bc78b5#fzf",
      "source": "devbox-search",
      "version": "0.44.1",
      "systems": {
        "aarch64-darwin": {
          "store_path": "/nix/store/3gax3m82rhjzfr4w1ad5ylyadc7wbbkm-fzf-0.44.1"
        },
        "aarch64-linux": {
          "store_path": "/nix/store/8lqn0fanxg6pxcn1dc0xd2sh4hm64xr6-fzf-0.44.1"
        },
        "x86_64-darwin": {
          "store_path": "/nix/store/v71hjdj813jfhm5az9bw4kk9j2zvgfab-fzf-0.44.1"
        },
        "x86_64-linux": {
          "store_path": "/nix/store/z431fm7irfc77ax2w942izl354ds9s84-fzf-0.44.1"
        }
      }
    },
    "gh@latest": {
      "last_modified": "2023-11-19T17:46:56Z",
      "resolved": "github:NixOS/nixpkgs/0bf3f5cf6a98b5d077cdcdb00a6d4b3d92bc78b5#gh",
      "source": "devbox-search",
      "version": "2.39.1",
      "systems": {
        "aarch64-darwin": {
          "store_path": "/nix/store/zvqfh1jax9ivi0d9b4mbqgkszsna9b1m-gh-2.39.1"
        },
        "aarch64-linux": {
          "store_path": "/nix/store/xa1bbjfisz9r6skrr4kz9n4xczkrbd6j-gh-2.39.1"
        },
        "x86_64-darwin": {
          "store_path": "/nix/store/8kf0di6jrfa5wsl57vhv1hhp27i4s55m-gh-2.39.1"
        },
        "x86_64-linux": {
          "store_path": "/nix/store/fi435ay6f8fsh14x5h63hpi7vck3flxc-gh-2.39.1"
        }
      }
    },
    "git@latest": {
      "last_modified": "2023-11-19T17:46:56Z",
      "resolved": "github:NixOS/nixpkgs/0bf3f5cf6a98b5d077cdcdb00a6d4b3d92bc78b5#git",
      "source": "devbox-search",
      "version": "2.42.0",
      "systems": {
        "aarch64-darwin": {
          "store_path": "/nix/store/rxpifxzrsjb0xfjrkrg16vm1876scqvj-git-2.42.0"
        },
        "aarch64-linux": {
          "store_path": "/nix/store/iw3w7vwh9m2ypy8xpj45hq2p1i5phqbp-git-2.42.0"
        },
        "x86_64-darwin": {
          "store_path": "/nix/store/g1c8k2i2pcad5z10f1x9f1s2nv0nlxx9-git-2.42.0"
        },
        "x86_64-linux": {
          "store_path": "/nix/store/zcpq1fivdd131gshg58m4cyq7fwqr3j8-git-2.42.0"
        }
      }
    },
    "gnupg@latest": {
      "last_modified": "2023-11-19T17:46:56Z",
      "resolved": "github:NixOS/nixpkgs/0bf3f5cf6a98b5d077cdcdb00a6d4b3d92bc78b5#gnupg",
      "source": "devbox-search",
      "version": "2.4.1",
      "systems": {
        "aarch64-darwin": {
          "store_path": "/nix/store/6xnavkbxd3kkkyssqds9p9rw9r47cj1q-gnupg-2.4.1"
        },
        "aarch64-linux": {
          "store_path": "/nix/store/i27vydqpsfjqhdx0mzycyr8ywzazkv2j-gnupg-2.4.1"
        },
        "x86_64-darwin": {
          "store_path": "/nix/store/343vpgsdphhghpkkai067m9wk9pzrbyl-gnupg-2.4.1"
        },
        "x86_64-linux": {
          "store_path": "/nix/store/859l6kcc0swh01xpngxs9fjqr7mv50hp-gnupg-2.4.1"
        }
      }
    },
    "gnused@latest": {
      "last_modified": "2023-11-19T17:46:56Z",
      "resolved": "github:NixOS/nixpkgs/0bf3f5cf6a98b5d077cdcdb00a6d4b3d92bc78b5#gnused",
      "source": "devbox-search",
      "version": "4.9",
      "systems": {
        "aarch64-darwin": {
          "store_path": "/nix/store/nddzbf5pifm77kksh25xwiy2g9kqqm9f-gnused-4.9"
        },
        "aarch64-linux": {
          "store_path": "/nix/store/ha241bhagian5dbg9ddi2b6y2m449fh1-gnused-4.9"
        },
        "x86_64-darwin": {
          "store_path": "/nix/store/lpzfs8kvdf7fs2j2fbc8a0r2zjjlygna-gnused-4.9"
        },
        "x86_64-linux": {
          "store_path": "/nix/store/9c5qm297qnvwcf7j0gm01qrslbiqz8rs-gnused-4.9"
        }
      }
    },
    "gnutar@latest": {
      "last_modified": "2023-11-19T17:46:56Z",
      "resolved": "github:NixOS/nixpkgs/0bf3f5cf6a98b5d077cdcdb00a6d4b3d92bc78b5#gnutar",
      "source": "devbox-search",
      "version": "1.35",
      "systems": {
        "aarch64-darwin": {
          "store_path": "/nix/store/g9z0hg6snhg5834p14yw4bx6ilcffr8b-gnutar-1.35"
        },
        "aarch64-linux": {
          "store_path": "/nix/store/54cyqbwjrd0qv0n68554fm7bhdxfyhhn-gnutar-1.35"
        },
        "x86_64-darwin": {
          "store_path": "/nix/store/9zmlp4a3y519q3hkflyik9alsmjzpyda-gnutar-1.35"
        },
        "x86_64-linux": {
          "store_path": "/nix/store/xpidksbd07in3nd4sjx79ybwwy81b338-gnutar-1.35"
        }
      }
    },
    "go@latest": {
      "last_modified": "2023-11-19T17:46:56Z",
      "resolved": "github:NixOS/nixpkgs/0bf3f5cf6a98b5d077cdcdb00a6d4b3d92bc78b5#go",
      "source": "devbox-search",
      "version": "1.21.4",
      "systems": {
        "aarch64-darwin": {
          "store_path": "/nix/store/02cpvad60np366kmsqc3gnixbsw9jvg1-go-1.21.4"
        },
        "aarch64-linux": {
          "store_path": "/nix/store/7y75b2ac80chlh6knld3943y46n3v9kf-go-1.21.4"
        },
        "x86_64-darwin": {
          "store_path": "/nix/store/0djljz0g4s6f55xcnw7fpzcy7af7rxid-go-1.21.4"
        },
        "x86_64-linux": {
          "store_path": "/nix/store/y7abhs9glxfcg7lgcdc8i4ml5wg5ly92-go-1.21.4"
        }
      }
    },
    "htop@latest": {
      "last_modified": "2023-11-19T17:46:56Z",
      "resolved": "github:NixOS/nixpkgs/0bf3f5cf6a98b5d077cdcdb00a6d4b3d92bc78b5#htop",
      "source": "devbox-search",
      "version": "3.2.2",
      "systems": {
        "aarch64-darwin": {
          "store_path": "/nix/store/yh64mssq5wikyzi7p1z607d5wfdqxczr-htop-3.2.2"
        },
        "aarch64-linux": {
          "store_path": "/nix/store/5zc31zhrlwpfgs2yvj4s2a2sf23b4xva-htop-3.2.2"
        },
        "x86_64-darwin": {
          "store_path": "/nix/store/qbp4lwipbaz459772i97rkvzhd7xr5zc-htop-3.2.2"
        },
        "x86_64-linux": {
          "store_path": "/nix/store/5nh3zksca5pglv6pairf8ki04wnj8agf-htop-3.2.2"
        }
      }
    },
    "hyperfine@latest": {
      "last_modified": "2023-11-19T17:46:56Z",
      "resolved": "github:NixOS/nixpkgs/0bf3f5cf6a98b5d077cdcdb00a6d4b3d92bc78b5#hyperfine",
      "source": "devbox-search",
      "version": "1.18.0",
      "systems": {
        "aarch64-darwin": {
          "store_path": "/nix/store/icczqiwscv4dmflk9d7jg4nkqa2fsfpv-hyperfine-1.18.0"
        },
        "aarch64-linux": {
          "store_path": "/nix/store/c0v7lanwjr7nrxiw1pzsm6gyqagdg6ar-hyperfine-1.18.0"
        },
        "x86_64-darwin": {
          "store_path": "/nix/store/61kz5lg6vzh2fzvg7rckzwryhbyp7xii-hyperfine-1.18.0"
        },
        "x86_64-linux": {
          "store_path": "/nix/store/6wd0yh0pa15nrjwp1pknwiyanlnniw5s-hyperfine-1.18.0"
        }
      }
    },
    "jq@latest": {
      "last_modified": "2023-11-20T01:38:02Z",
      "resolved": "github:NixOS/nixpkgs/3f21a22b5aafefa1845dec6f4a378a8f53d8681c#jq",
      "source": "devbox-search",
      "version": "1.7",
      "systems": {
        "aarch64-darwin": {
          "store_path": "/nix/store/1vzscf2hs3mzmnyysy8l99d3vzqnl13b-jq-1.7-bin"
        },
        "aarch64-linux": {
          "store_path": "/nix/store/axzp557aw1gv3zdfhxxiw540b8znxakv-jq-1.7-bin"
        },
        "x86_64-darwin": {
          "store_path": "/nix/store/k3n49shyz23ls68wnx2hg5my5m8q7f19-jq-1.7-bin"
        },
        "x86_64-linux": {
          "store_path": "/nix/store/bpjd8324a6qj34zxhn5asgvi8bpm9bb2-jq-1.7-bin"
        }
      }
    },
    "k9s@latest": {
      "last_modified": "2023-11-19T17:46:56Z",
      "resolved": "github:NixOS/nixpkgs/0bf3f5cf6a98b5d077cdcdb00a6d4b3d92bc78b5#k9s",
      "source": "devbox-search",
      "version": "0.28.2",
      "systems": {
        "aarch64-darwin": {
          "store_path": "/nix/store/v6lga1i6wywqzbnbwbml9wgg5y8f0rar-k9s-0.28.2"
        },
        "aarch64-linux": {
          "store_path": "/nix/store/vl5c8jznzhjqwprl1l92lizq0fgy1h0a-k9s-0.28.2"
        },
        "x86_64-darwin": {
          "store_path": "/nix/store/2p5n9m0r92hm6za350viibfp922ci15f-k9s-0.28.2"
        },
        "x86_64-linux": {
          "store_path": "/nix/store/py0nhklg5wpiz637b99q282dp0224adv-k9s-0.28.2"
        }
      }
    },
    "kind@latest": {
      "last_modified": "2023-11-19T17:46:56Z",
      "resolved": "github:NixOS/nixpkgs/0bf3f5cf6a98b5d077cdcdb00a6d4b3d92bc78b5#kind",
      "source": "devbox-search",
      "version": "0.20.0",
      "systems": {
        "aarch64-darwin": {
          "store_path": "/nix/store/h63plvmjv7cb3i5ggqba1b2ac06sdvi5-kind-0.20.0"
        },
        "aarch64-linux": {
          "store_path": "/nix/store/dwqcnipd3rj0kspwjvxdcm32sfi5pmdx-kind-0.20.0"
        },
        "x86_64-darwin": {
          "store_path": "/nix/store/ip9nkl00d91jmqik7cmcbra8px7lvwyj-kind-0.20.0"
        },
        "x86_64-linux": {
          "store_path": "/nix/store/yaigqil7157p4rz43sd34gihr3r759q6-kind-0.20.0"
        }
      }
    },
    "kubectl@latest": {
      "last_modified": "2023-11-19T17:46:56Z",
      "resolved": "github:NixOS/nixpkgs/0bf3f5cf6a98b5d077cdcdb00a6d4b3d92bc78b5#kubectl",
      "source": "devbox-search",
      "version": "1.28.4",
      "systems": {
        "aarch64-darwin": {
          "store_path": "/nix/store/ndlxcylksh85lh8anay6mi7sd985vcdd-kubectl-1.28.4"
        },
        "aarch64-linux": {
          "store_path": "/nix/store/20jd0fxhrkkvqksfwzbgyramhacsabhi-kubectl-1.28.4"
        },
        "x86_64-darwin": {
          "store_path": "/nix/store/drv3drihn38imxbzhyqa8p7n5q0qmizx-kubectl-1.28.4"
        },
        "x86_64-linux": {
          "store_path": "/nix/store/jpznx1gqm4cc0r85q2hrwiwjy44zyrx8-kubectl-1.28.4"
        }
      }
    },
    "kubernetes-helm@latest": {
      "last_modified": "2023-11-19T17:46:56Z",
      "resolved": "github:NixOS/nixpkgs/0bf3f5cf6a98b5d077cdcdb00a6d4b3d92bc78b5#kubernetes-helm",
      "source": "devbox-search",
      "version": "3.13.2",
      "systems": {
        "aarch64-darwin": {
          "store_path": "/nix/store/bm0hydn3x8qicnnpp1j59affzbh802g6-kubernetes-helm-3.13.2"
        },
        "aarch64-linux": {
          "store_path": "/nix/store/rlxzcdijanfnr1cycmasxlqqbkhmfllc-kubernetes-helm-3.13.2"
        },
        "x86_64-darwin": {
          "store_path": "/nix/store/wihx37d21rxyvp5d10ki9qr57mmqa96n-kubernetes-helm-3.13.2"
        },
        "x86_64-linux": {
          "store_path": "/nix/store/2nsswfqlz4nc2hrbxchz7n98ccg9jfjx-kubernetes-helm-3.13.2"
        }
      }
    },
    "lsof@latest": {
      "last_modified": "2023-11-19T17:46:56Z",
      "resolved": "github:NixOS/nixpkgs/0bf3f5cf6a98b5d077cdcdb00a6d4b3d92bc78b5#lsof",
      "source": "devbox-search",
      "version": "4.98.0",
      "systems": {
        "aarch64-darwin": {
          "store_path": "/nix/store/d0gihrqsvi5rf3wh7vpwnxiz8g6rs183-lsof-4.98.0"
        },
        "aarch64-linux": {
          "store_path": "/nix/store/79fvg5p5s2vcdnv20yazhj5aszbq7pjc-lsof-4.98.0"
        },
        "x86_64-darwin": {
          "store_path": "/nix/store/8ssjpqdrg1hgcz1fjscik8kbvlgi25k9-lsof-4.98.0"
        },
        "x86_64-linux": {
          "store_path": "/nix/store/di35zqfa55jfcbsrmp3q8kavrsp6xn64-lsof-4.98.0"
        }
      }
    },
    "neovim@latest": {
      "last_modified": "2023-11-19T17:46:56Z",
      "resolved": "github:NixOS/nixpkgs/0bf3f5cf6a98b5d077cdcdb00a6d4b3d92bc78b5#neovim",
      "source": "devbox-search",
      "version": "0.9.4",
      "systems": {
        "aarch64-darwin": {
          "store_path": "/nix/store/0lhdgn7isfpv2ffp4q5mjslh0z2yhz0z-neovim-0.9.4"
        },
        "aarch64-linux": {
          "store_path": "/nix/store/4myqdmj1pfx0wc30jv88062nriyd05fq-neovim-0.9.4"
        },
        "x86_64-darwin": {
          "store_path": "/nix/store/z0f1fg1k6v6npnpd8h5bc367l9y2mf59-neovim-0.9.4"
        },
        "x86_64-linux": {
          "store_path": "/nix/store/x550cpl6f99r1cnd11jf9naah2jb3wwj-neovim-0.9.4"
        }
      }
    },
    "nettools@latest": {
      "last_modified": "2023-11-19T17:46:56Z",
      "resolved": "github:NixOS/nixpkgs/0bf3f5cf6a98b5d077cdcdb00a6d4b3d92bc78b5#nettools",
      "source": "devbox-search",
      "version": "2.10",
      "systems": {
        "aarch64-linux": {
          "store_path": "/nix/store/yjqzvy918iwlkabm8y80w7r7715pvhsw-net-tools-2.10"
        },
        "x86_64-linux": {
          "store_path": "/nix/store/5xjkyf24mb3pk3xkglxzqyww601d1lgk-net-tools-2.10"
        }
      }
    },
    "nmap@latest": {
      "last_modified": "2023-11-19T17:46:56Z",
      "resolved": "github:NixOS/nixpkgs/0bf3f5cf6a98b5d077cdcdb00a6d4b3d92bc78b5#nmap",
      "source": "devbox-search",
      "version": "7.94",
      "systems": {
        "aarch64-darwin": {
          "store_path": "/nix/store/5axlngghd2h6m9b5rj2zdhjl3dqxnpw5-nmap-7.94"
        },
        "aarch64-linux": {
          "store_path": "/nix/store/0sk4cawv5lxjp54qs3jjqwprwmwflp01-nmap-7.94"
        },
        "x86_64-darwin": {
          "store_path": "/nix/store/9crv281g81pkqrwlrlzhqdai96pfx356-nmap-7.94"
        },
        "x86_64-linux": {
          "store_path": "/nix/store/gcc01g3cgds8ljmchxxial82cfydvm5d-nmap-7.94"
        }
      }
    },
    "nodePackages.neovim@latest": {
      "last_modified": "2023-11-19T17:46:56Z",
      "resolved": "github:NixOS/nixpkgs/0bf3f5cf6a98b5d077cdcdb00a6d4b3d92bc78b5#nodePackages.neovim",
      "source": "devbox-search",
      "version": "4.10.1",
      "systems": {
        "aarch64-darwin": {
          "store_path": "/nix/store/09z9b1xmrf4zygbyg8ghrgcgvw6pb94y-neovim-4.10.1"
        },
        "aarch64-linux": {
          "store_path": "/nix/store/lzz2732xxy0ydi5v5xwyckp65g4yk66a-neovim-4.10.1"
        },
        "x86_64-darwin": {
          "store_path": "/nix/store/dzfcirvdaln5vy6lwizp150mhyk6xrg2-neovim-4.10.1"
        },
        "x86_64-linux": {
          "store_path": "/nix/store/jrfwsnnpjj06p8c8x90ixzvw6a82ljsj-neovim-4.10.1"
        }
      }
    },
    "nodejs@latest": {
      "last_modified": "2023-11-19T17:46:56Z",
      "resolved": "github:NixOS/nixpkgs/0bf3f5cf6a98b5d077cdcdb00a6d4b3d92bc78b5#nodejs_21",
      "source": "devbox-search",
      "version": "21.2.0",
      "systems": {
        "aarch64-darwin": {
          "store_path": "/nix/store/waq8bb12nbqwxxn1lgvdzsgs0gqk0d04-nodejs-21.2.0"
        },
        "aarch64-linux": {
          "store_path": "/nix/store/v03cn5xw03nxykgix04r1l31jjrgf9d3-nodejs-21.2.0"
        },
        "x86_64-darwin": {
          "store_path": "/nix/store/sv6nivfsqcl8s1dhqjpjy8dqvbx9mxwl-nodejs-21.2.0"
        },
        "x86_64-linux": {
          "store_path": "/nix/store/iklfdn5l792z46dl5qq9zqzqsmp2m4m9-nodejs-21.2.0"
        }
      }
    },
    "pinentry@latest": {
      "last_modified": "2023-11-19T17:46:56Z",
      "resolved": "github:NixOS/nixpkgs/0bf3f5cf6a98b5d077cdcdb00a6d4b3d92bc78b5#pinentry",
      "source": "devbox-search",
      "version": "1.2.1",
      "systems": {
        "aarch64-darwin": {
          "store_path": "/nix/store/8v67all1qcan4irx8k00bmjjfk8ddhz8-pinentry-1.2.1"
        },
        "aarch64-linux": {
          "store_path": "/nix/store/6q59k4wbi7djrviq9xiyq2xvxjxpyjl0-pinentry-1.2.1"
        },
        "x86_64-darwin": {
          "store_path": "/nix/store/lz4fp5x14cv59s9m222yjnwgzvdm5mrc-pinentry-1.2.1"
        },
        "x86_64-linux": {
          "store_path": "/nix/store/nhpqcf6c880246dg6dww4bwwh6y6si35-pinentry-1.2.1"
        }
      }
    },
    "rsync@latest": {
      "last_modified": "2023-11-19T17:46:56Z",
      "resolved": "github:NixOS/nixpkgs/0bf3f5cf6a98b5d077cdcdb00a6d4b3d92bc78b5#rsync",
      "source": "devbox-search",
      "version": "3.2.7",
      "systems": {
        "aarch64-darwin": {
          "store_path": "/nix/store/ygk0alrqkjdm6psa7rcng22gnjxixrpy-rsync-3.2.7"
        },
        "aarch64-linux": {
          "store_path": "/nix/store/qsa06705zbffcjddf36z9iq63z3adcbm-rsync-3.2.7"
        },
        "x86_64-darwin": {
          "store_path": "/nix/store/7qiq9lzq9pbxrn45fnf096sx1svkmd1h-rsync-3.2.7"
        },
        "x86_64-linux": {
          "store_path": "/nix/store/6cmqhxzh2jqyd3jhjfi8x164mjsapvfm-rsync-3.2.7"
        }
      }
    },
    "ruby@latest": {
      "last_modified": "2023-11-19T17:46:56Z",
      "plugin_version": "0.0.2",
      "resolved": "github:NixOS/nixpkgs/0bf3f5cf6a98b5d077cdcdb00a6d4b3d92bc78b5#ruby_3_2",
      "source": "devbox-search",
      "version": "3.2.2",
      "systems": {
        "aarch64-darwin": {
          "store_path": "/nix/store/hff15k475cbvi9kx350g8ha2ayqycmss-ruby-3.2.2"
        },
        "aarch64-linux": {
          "store_path": "/nix/store/2cjnl2sxyd2kr1lnwswfcim2p98wzill-ruby-3.2.2"
        },
        "x86_64-darwin": {
          "store_path": "/nix/store/v7adxlgsgyas0zwirfssh2pyi9icfpk5-ruby-3.2.2"
        },
        "x86_64-linux": {
          "store_path": "/nix/store/cym9m41909x2fihq7xrzv5vivjjf60gj-ruby-3.2.2"
        }
      }
    },
    "rustup@latest": {
      "last_modified": "2023-11-19T17:46:56Z",
      "plugin_version": "0.0.1",
      "resolved": "github:NixOS/nixpkgs/0bf3f5cf6a98b5d077cdcdb00a6d4b3d92bc78b5#rustup",
      "source": "devbox-search",
      "version": "1.26.0",
      "systems": {
        "aarch64-darwin": {
          "store_path": "/nix/store/w7hr1f0dvzsk7psr6apn9vsc4dg80bvr-rustup-1.26.0"
        },
        "aarch64-linux": {
          "store_path": "/nix/store/xpqs3bfi342p382fcvc9p5xaw794f2xp-rustup-1.26.0"
        },
        "x86_64-darwin": {
          "store_path": "/nix/store/2f8wvnwbgxxkdnj3w684yrs8aammpv2l-rustup-1.26.0"
        },
        "x86_64-linux": {
          "store_path": "/nix/store/v2wwnf8w9pkl1vcr37iv60fh8pz0z198-rustup-1.26.0"
        }
      }
    },
    "shfmt@latest": {
      "last_modified": "2023-11-19T17:46:56Z",
      "resolved": "github:NixOS/nixpkgs/0bf3f5cf6a98b5d077cdcdb00a6d4b3d92bc78b5#shfmt",
      "source": "devbox-search",
      "version": "3.7.0",
      "systems": {
        "aarch64-darwin": {
          "store_path": "/nix/store/dbca04lhbcs2qk8bgp2j4srng7k32xva-shfmt-3.7.0"
        },
        "aarch64-linux": {
          "store_path": "/nix/store/sxrld036jzmbwckwzyb26jhx8ksi11yp-shfmt-3.7.0"
        },
        "x86_64-darwin": {
          "store_path": "/nix/store/3bsvlzy6kng68lxvnj4gsqg52ql6ys11-shfmt-3.7.0"
        },
        "x86_64-linux": {
          "store_path": "/nix/store/wbvms5iwgxfy85hbm618w7gqqg8rgi1f-shfmt-3.7.0"
        }
      }
    },
    "stow@latest": {
      "last_modified": "2023-11-19T17:46:56Z",
      "resolved": "github:NixOS/nixpkgs/0bf3f5cf6a98b5d077cdcdb00a6d4b3d92bc78b5#stow",
      "source": "devbox-search",
      "version": "2.3.1",
      "systems": {
        "aarch64-darwin": {
          "store_path": "/nix/store/5zygzd24n3bkaykx35bagwz0mnw2g429-stow-2.3.1"
        },
        "aarch64-linux": {
          "store_path": "/nix/store/wi5rp8ysl0m9g74lf1nvdkd11fxvmy26-stow-2.3.1"
        },
        "x86_64-darwin": {
          "store_path": "/nix/store/53mzq0admjbisbmz0rl4zdipn437dzir-stow-2.3.1"
        },
        "x86_64-linux": {
          "store_path": "/nix/store/0ipj22ir0id6ibal31zc1rpsa91vbsx0-stow-2.3.1"
        }
      }
    },
    "tig@latest": {
      "last_modified": "2023-11-19T17:46:56Z",
      "resolved": "github:NixOS/nixpkgs/0bf3f5cf6a98b5d077cdcdb00a6d4b3d92bc78b5#tig",
      "source": "devbox-search",
      "version": "2.5.8",
      "systems": {
        "aarch64-darwin": {
          "store_path": "/nix/store/90qnlzi79lgzawxpk07v9911qqnxm4sk-tig-2.5.8"
        },
        "aarch64-linux": {
          "store_path": "/nix/store/0cj3rv257w1x7swk1z32r5xgkdzqvn75-tig-2.5.8"
        },
        "x86_64-darwin": {
          "store_path": "/nix/store/r8f4vjvzp769h7zmj2zp0wg32nccwsvi-tig-2.5.8"
        },
        "x86_64-linux": {
          "store_path": "/nix/store/b2gs8as7dqkp394x5ksgdgn4nk4cda2b-tig-2.5.8"
        }
      }
    },
    "tldr@latest": {
      "last_modified": "2023-11-19T17:46:56Z",
      "resolved": "github:NixOS/nixpkgs/0bf3f5cf6a98b5d077cdcdb00a6d4b3d92bc78b5#tldr",
      "source": "devbox-search",
      "version": "1.6.0",
      "systems": {
        "aarch64-darwin": {
          "store_path": "/nix/store/322kx1kbf2h2y6hilyvmmy6hwawaamgq-tldr-1.6.0"
        },
        "aarch64-linux": {
          "store_path": "/nix/store/yq1j97a81brv87cfv0l0xh2v41nvjf1d-tldr-1.6.0"
        },
        "x86_64-darwin": {
          "store_path": "/nix/store/hh69qlnzg9rslv5vpm6b502s96qmm0py-tldr-1.6.0"
        },
        "x86_64-linux": {
          "store_path": "/nix/store/7ks5i49ra5h57m17zdzaljj9knrwvlb5-tldr-1.6.0"
        }
      }
    },
    "tmux@latest": {
      "last_modified": "2022-06-07T02:20:12Z",
      "resolved": "github:NixOS/nixpkgs/d23be02c22add83d28588ac164dcbac733305b04#tmux",
      "source": "devbox-search",
      "version": "3.3",
      "systems": {
        "aarch64-darwin": {
          "store_path": "/nix/store/5cjql2qsrry8py5nxbc582v6ygplyq15-tmux-3.3"
        },
        "aarch64-linux": {
          "store_path": "/nix/store/d3w6mamrvhfklcqpdqzaxs2w0crf04i8-tmux-3.3"
        },
        "x86_64-darwin": {
          "store_path": "/nix/store/gsv76cwg8ss0inizmjnfwgwkyxzpwgzl-tmux-3.3"
        },
        "x86_64-linux": {
          "store_path": "/nix/store/qr266qpqrlfzm39ak93dx7h8iwnndmk2-tmux-3.3"
        }
      }
    },
    "tmuxPlugins.sensible@latest": {
      "last_modified": "2023-11-17T14:14:56Z",
      "resolved": "github:NixOS/nixpkgs/a71323f68d4377d12c04a5410e214495ec598d4c#tmuxPlugins.sensible",
      "source": "devbox-search",
      "version": "2017-09-05",
      "systems": {
        "x86_64-linux": {
          "store_path": "/nix/store/id0minikhl1v1lsbzsnm8hlila4k8a9a-tmuxplugin-sensible-unstable-2017-09-05"
        }
      }
    },
    "tmuxPlugins.yank@latest": {
      "last_modified": "2023-11-17T14:14:56Z",
      "resolved": "github:NixOS/nixpkgs/a71323f68d4377d12c04a5410e214495ec598d4c#tmuxPlugins.yank",
      "source": "devbox-search",
      "version": "2021-06-20",
      "systems": {
        "x86_64-linux": {
          "store_path": "/nix/store/axm1ywgwkaa0q6m05a4kr6708rwd1c51-tmuxplugin-yank-unstable-2021-06-20"
        }
      }
    },
    "tmuxinator@latest": {
      "last_modified": "2023-11-19T17:46:56Z",
      "resolved": "github:NixOS/nixpkgs/0bf3f5cf6a98b5d077cdcdb00a6d4b3d92bc78b5#tmuxinator",
      "source": "devbox-search",
      "version": "3.0.5",
      "systems": {
        "aarch64-darwin": {
          "store_path": "/nix/store/nlfx20agzwp4mwxkd7rb5s8jqzkirr7i-tmuxinator-3.0.5"
        },
        "aarch64-linux": {
          "store_path": "/nix/store/i4qzgn4dk1600xw5jb1q0dp656cvfsyh-tmuxinator-3.0.5"
        },
        "x86_64-darwin": {
          "store_path": "/nix/store/d7rkns3fys2fs7pyvxllmrfhcjfmc0ca-tmuxinator-3.0.5"
        },
        "x86_64-linux": {
          "store_path": "/nix/store/217lanxy9cggy53pykmvpym6pq5ri5mz-tmuxinator-3.0.5"
        }
      }
    },
    "tree-sitter@latest": {
      "last_modified": "2023-11-19T17:46:56Z",
      "resolved": "github:NixOS/nixpkgs/0bf3f5cf6a98b5d077cdcdb00a6d4b3d92bc78b5#tree-sitter",
      "source": "devbox-search",
      "version": "0.20.8",
      "systems": {
        "aarch64-darwin": {
          "store_path": "/nix/store/21s1mq1yag09q2m5dm1b5iss61sq8db1-tree-sitter-0.20.8"
        },
        "aarch64-linux": {
          "store_path": "/nix/store/68y0a5mr3cq0jh0vpl6rv176ax8anb09-tree-sitter-0.20.8"
        },
        "x86_64-darwin": {
          "store_path": "/nix/store/rhvlm7q7jq4h01k2wvql5yl23pmas5nz-tree-sitter-0.20.8"
        },
        "x86_64-linux": {
          "store_path": "/nix/store/4qa6nbyvr1ixmsdasr3pi1rmwlhd9f5l-tree-sitter-0.20.8"
        }
      }
    },
    "tree@latest": {
      "last_modified": "2023-11-19T17:46:56Z",
      "resolved": "github:NixOS/nixpkgs/0bf3f5cf6a98b5d077cdcdb00a6d4b3d92bc78b5#tree",
      "source": "devbox-search",
      "version": "2.1.1",
      "systems": {
        "aarch64-darwin": {
          "store_path": "/nix/store/pnn20zni6dnvcr23acaa2l859ds54x7f-tree-2.1.1"
        },
        "aarch64-linux": {
          "store_path": "/nix/store/lqkn7p5pswwa6xyknqc5j69l0dv5fqjg-tree-2.1.1"
        },
        "x86_64-darwin": {
          "store_path": "/nix/store/wazx1r2lmapn2g9allqhs3dbl3rppx13-tree-2.1.1"
        },
        "x86_64-linux": {
          "store_path": "/nix/store/y9x314ap02i1s01ggkh4nmm54ks2ly5d-tree-2.1.1"
        }
      }
    },
    "universal-ctags@6.0.0": {
      "last_modified": "2023-11-19T17:46:56Z",
      "resolved": "github:NixOS/nixpkgs/0bf3f5cf6a98b5d077cdcdb00a6d4b3d92bc78b5#universal-ctags",
      "source": "devbox-search",
      "version": "6.0.0",
      "systems": {
        "aarch64-darwin": {
          "store_path": "/nix/store/f645yhmm3b76wqkjfydbkfck6ilx9709-universal-ctags-6.0.0"
        },
        "aarch64-linux": {
          "store_path": "/nix/store/1mqbvrffh804x0qc0farcak6l5kn7rqs-universal-ctags-6.0.0"
        },
        "x86_64-darwin": {
          "store_path": "/nix/store/9faxfrf1glbgn3d4x2hyggx3i5m8aaf6-universal-ctags-6.0.0"
        },
        "x86_64-linux": {
          "store_path": "/nix/store/m59b6lwf5hhg17y3jnm3sj1dg389rmsi-universal-ctags-6.0.0"
        }
      }
    },
    "uutils-coreutils@0.0.20": {
      "last_modified": "2023-09-27T18:02:17Z",
      "resolved": "github:NixOS/nixpkgs/517501bcf14ae6ec47efd6a17dda0ca8e6d866f9#uutils-coreutils",
      "source": "devbox-search",
      "version": "0.0.20",
      "systems": {
        "aarch64-darwin": {
          "store_path": "/nix/store/nl9g316wnk83zyld89p2bfi213lia5z8-uutils-coreutils-0.0.20"
        },
        "aarch64-linux": {
          "store_path": "/nix/store/vmx7k5gcp81l1vpcihyrgdixiq51nnnk-uutils-coreutils-0.0.20"
        },
        "x86_64-darwin": {
          "store_path": "/nix/store/pq085zldwhcwn7605h1z288npk7340kc-uutils-coreutils-0.0.20"
        },
        "x86_64-linux": {
          "store_path": "/nix/store/y9m4yij7xy1cfpc1aijnwglr971vam2x-uutils-coreutils-0.0.20"
        }
      }
    },
    "vimPlugins.coc-nvim@latest": {
      "last_modified": "2023-11-19T17:46:56Z",
      "resolved": "github:NixOS/nixpkgs/0bf3f5cf6a98b5d077cdcdb00a6d4b3d92bc78b5#vimPlugins.coc-nvim",
      "source": "devbox-search",
      "version": "2023-09-30",
      "systems": {
        "aarch64-darwin": {
          "store_path": "/nix/store/3z7vj2y5j0bpjsrq9ys4zqcx887ri0qw-vimplugin-coc.nvim-2023-09-30"
        },
        "aarch64-linux": {
          "store_path": "/nix/store/dqkq6f948sfn74idmcxl164bc09mp18x-vimplugin-coc.nvim-2023-09-30"
        },
        "x86_64-darwin": {
          "store_path": "/nix/store/0d0di3v8c4nsm5f86f3kc68baaaj6h4s-vimplugin-coc.nvim-2023-09-30"
        },
        "x86_64-linux": {
          "store_path": "/nix/store/x0x4zp3lya0cdl0vfm8d1201fsw1lajb-vimplugin-coc.nvim-2023-09-30"
        }
      }
    },
    "vimPlugins.packer-nvim@latest": {
      "last_modified": "2023-11-19T17:46:56Z",
      "resolved": "github:NixOS/nixpkgs/0bf3f5cf6a98b5d077cdcdb00a6d4b3d92bc78b5#vimPlugins.packer-nvim",
      "source": "devbox-search",
      "version": "2023-08-24",
      "systems": {
        "aarch64-darwin": {
          "store_path": "/nix/store/01b9d4dnjzq5i32mf3frlwhjf9qrpx4y-vimplugin-packer.nvim-2023-08-24"
        },
        "aarch64-linux": {
          "store_path": "/nix/store/x07sd68fns5c493qsy0q4hq5a7smvg7w-vimplugin-packer.nvim-2023-08-24"
        },
        "x86_64-darwin": {
          "store_path": "/nix/store/9hvdpgdcbgz67m73qxbfjf7f1y60w042-vimplugin-packer.nvim-2023-08-24"
        },
        "x86_64-linux": {
          "store_path": "/nix/store/5yz26p1c6wr4ly3lpjiaq5nvkz0f2m40-vimplugin-packer.nvim-2023-08-24"
        }
      }
    },
    "vimPlugins.vim-plug@latest": {
      "last_modified": "2023-11-19T17:46:56Z",
      "resolved": "github:NixOS/nixpkgs/0bf3f5cf6a98b5d077cdcdb00a6d4b3d92bc78b5#vimPlugins.vim-plug",
      "source": "devbox-search",
      "version": "2023-04-01",
      "systems": {
        "aarch64-darwin": {
          "store_path": "/nix/store/jjapjv6vmfkwc5blcrnx33j3yxs0b16s-vimplugin-vim-plug-2023-04-01"
        },
        "aarch64-linux": {
          "store_path": "/nix/store/mqfdr0mkvbyhqvhhqlvgkz07w6q8q8zj-vimplugin-vim-plug-2023-04-01"
        },
        "x86_64-darwin": {
          "store_path": "/nix/store/g52fm2d7dfia3dm4wh5zldy9kr9a67wd-vimplugin-vim-plug-2023-04-01"
        },
        "x86_64-linux": {
          "store_path": "/nix/store/9pm8hmxa1x8v2riyvnracnwg50xncdlb-vimplugin-vim-plug-2023-04-01"
        }
      }
    },
    "yamllint@latest": {
      "last_modified": "2023-11-19T17:46:56Z",
      "resolved": "github:NixOS/nixpkgs/0bf3f5cf6a98b5d077cdcdb00a6d4b3d92bc78b5#yamllint",
      "source": "devbox-search",
      "version": "1.32.0",
      "systems": {
        "aarch64-darwin": {
          "store_path": "/nix/store/xckishnscvbi0n1srf2l663yk23b0axg-python3.11-yamllint-1.32.0"
        },
        "aarch64-linux": {
          "store_path": "/nix/store/4f1q4fwkymzgpdaw1h7l5q45pjp6l7y4-python3.11-yamllint-1.32.0"
        },
        "x86_64-darwin": {
          "store_path": "/nix/store/836zxp1bhjf0xfr87f8n0s1nzhcfcia2-python3.11-yamllint-1.32.0"
        },
        "x86_64-linux": {
          "store_path": "/nix/store/svv84rav0jsmpnzgiz5dvh8zlq0k0h9q-python3.11-yamllint-1.32.0"
        }
      }
    },
    "yq@latest": {
      "last_modified": "2023-11-19T17:46:56Z",
      "resolved": "github:NixOS/nixpkgs/0bf3f5cf6a98b5d077cdcdb00a6d4b3d92bc78b5#yq",
      "source": "devbox-search",
      "version": "3.2.3",
      "systems": {
        "aarch64-darwin": {
          "store_path": "/nix/store/pdfvdcm5x8z2lrik6bbhdx4mfwrqd9ml-python3.11-yq-3.2.3"
        },
        "aarch64-linux": {
          "store_path": "/nix/store/s2kvz94nv3l3bwcr81fjm50iawg9yiq8-python3.11-yq-3.2.3"
        },
        "x86_64-darwin": {
          "store_path": "/nix/store/pdcynjfs40x6fwgxhsfnprhjcj0qksg4-python3.11-yq-3.2.3"
        },
        "x86_64-linux": {
          "store_path": "/nix/store/r5f370h48vddv12v5l6m98igi1c111ar-python3.11-yq-3.2.3"
        }
      }
    },
    "zsh@latest": {
      "last_modified": "2023-11-20T01:38:02Z",
      "resolved": "github:NixOS/nixpkgs/3f21a22b5aafefa1845dec6f4a378a8f53d8681c#zsh",
      "source": "devbox-search",
      "version": "5.9",
      "systems": {
        "aarch64-darwin": {
          "store_path": "/nix/store/sirk8aszan88dhansshqqkjcqlnk4v7m-zsh-5.9"
        },
        "aarch64-linux": {
          "store_path": "/nix/store/lj3q6qwzlqw8jxjgh543mlmvnjdqd4l4-zsh-5.9"
        },
        "x86_64-darwin": {
          "store_path": "/nix/store/4g0cij857dl9i9bl1q75wgqxg13davhf-zsh-5.9"
        },
        "x86_64-linux": {
          "store_path": "/nix/store/075qmpkcyxkq32y3gcsp8bqjvap235ch-zsh-5.9"
        }
      }
    }
  }
}
