{
  "lockfile_version": "1",
  "packages": {
    "ag@latest": {
      "last_modified": "2022-02-15T04:21:50Z",
      "resolved": "github:NixOS/nixpkgs/3a641defd170a4ef25ce8c7c64cb13f91f867fca#ag",
      "source": "devbox-search",
      "version": "2.2.0",
      "systems": {
        "aarch64-darwin": {
          "store_path": "/nix/store/nzqwhzpqqky8psr1v6f5zvjcqg1258d7-silver-searcher-2.2.0"
        },
        "x86_64-darwin": {
          "store_path": "/nix/store/p9mz0399j815bq5yxmk4cdvhvvfai9mz-silver-searcher-2.2.0"
        },
        "x86_64-linux": {
          "store_path": "/nix/store/2liyk11baj3g9r3svaazmhhmi574m9x2-silver-searcher-2.2.0"
        }
      }
    },
    "antigen@latest": {
      "last_modified": "2023-10-25T20:49:13Z",
      "resolved": "github:NixOS/nixpkgs/75a52265bda7fd25e06e3a67dee3f0354e73243c#antigen",
      "source": "devbox-search",
      "version": "2.2.3",
      "systems": {
        "x86_64-linux": {
          "store_path": "/nix/store/b40ibqkwfm8xh3pkrgzwlpnfpp6s1d8a-antigen-2.2.3"
        }
      }
    },
    "bc@latest": {
      "last_modified": "2023-10-25T20:49:13Z",
      "resolved": "github:NixOS/nixpkgs/75a52265bda7fd25e06e3a67dee3f0354e73243c#bc",
      "source": "devbox-search",
      "version": "1.07.1",
      "systems": {
        "aarch64-darwin": {
          "store_path": "/nix/store/cd84ism7lk71am3cm7xr0czr7k61xhgw-bc-1.07.1"
        },
        "aarch64-linux": {
          "store_path": "/nix/store/5klk8l2wi2ibghh0rar6f0ayrycy3ys6-bc-1.07.1"
        },
        "x86_64-darwin": {
          "store_path": "/nix/store/qpk3501lp2fxr3l8wp5qzal053b1w3ax-bc-1.07.1"
        },
        "x86_64-linux": {
          "store_path": "/nix/store/fp0pmlpgvqmlbgqrsq14y38xyy6lyrw7-bc-1.07.1"
        }
      }
    },
    "colordiff@latest": {
      "last_modified": "2023-10-25T20:49:13Z",
      "resolved": "github:NixOS/nixpkgs/75a52265bda7fd25e06e3a67dee3f0354e73243c#colordiff",
      "source": "devbox-search",
      "version": "1.0.21",
      "systems": {
        "aarch64-darwin": {
          "store_path": "/nix/store/4jpglxgcxm3i93ifvj7xi7l6kzvg4637-colordiff-1.0.21"
        },
        "aarch64-linux": {
          "store_path": "/nix/store/ywdcm5g828235clpv4rclwaqg03w3msd-colordiff-1.0.21"
        },
        "x86_64-darwin": {
          "store_path": "/nix/store/h85w05vg44yrkcij5y6z1j9ji3bdcqh0-colordiff-1.0.21"
        },
        "x86_64-linux": {
          "store_path": "/nix/store/12sdhwyd16lxzyydwbi4sqaq11r4w2zv-colordiff-1.0.21"
        }
      }
    },
    "direnv@latest": {
      "last_modified": "2023-10-25T20:49:13Z",
      "resolved": "github:NixOS/nixpkgs/75a52265bda7fd25e06e3a67dee3f0354e73243c#direnv",
      "source": "devbox-search",
      "version": "2.32.3",
      "systems": {
        "aarch64-darwin": {
          "store_path": "/nix/store/clmdqya13rq8i2k9qm8pvabplxxd9njk-direnv-2.32.3"
        },
        "aarch64-linux": {
          "store_path": "/nix/store/yirxf871rfj882gpagzh1b8yn2680l3g-direnv-2.32.3"
        },
        "x86_64-darwin": {
          "store_path": "/nix/store/cfpzi07va9k6m3nnv42hss941cnz7p27-direnv-2.32.3"
        },
        "x86_64-linux": {
          "store_path": "/nix/store/83qm9rii0sd5251bjv8344bz9gg423a9-direnv-2.32.3"
        }
      }
    },
    "docker-buildx@latest": {
      "last_modified": "2023-10-25T20:49:13Z",
      "resolved": "github:NixOS/nixpkgs/75a52265bda7fd25e06e3a67dee3f0354e73243c#docker-buildx",
      "source": "devbox-search",
      "version": "0.11.2",
      "systems": {
        "aarch64-darwin": {
          "store_path": "/nix/store/wwiz1xfzmcc9i32hjsflc7b59yii1x3s-docker-buildx-0.11.2"
        },
        "aarch64-linux": {
          "store_path": "/nix/store/vhxwnnzj5dv5p1j4wab4lsssrr4648h5-docker-buildx-0.11.2"
        },
        "x86_64-darwin": {
          "store_path": "/nix/store/7hssn96p5q9f7ygnqz7xq1yfj61iwhlb-docker-buildx-0.11.2"
        },
        "x86_64-linux": {
          "store_path": "/nix/store/kj77l6r6jxmw7rq8vwlrp394qh406npv-docker-buildx-0.11.2"
        }
      }
    },
    "docker-compose@latest": {
      "last_modified": "2023-11-02T13:29:18Z",
      "resolved": "github:NixOS/nixpkgs/b644d97bda6dae837d577e28383c10aa51e5e2d2#docker-compose",
      "source": "devbox-search",
      "version": "2.23.0",
      "systems": {
        "aarch64-darwin": {
          "store_path": "/nix/store/w5gp9pxiqfj5db53wka9k3894jba8sq9-docker-compose-2.23.0"
        },
        "aarch64-linux": {
          "store_path": "/nix/store/vgc5db4iv0rhdgpyr8q0gc9ci0bvp8vg-docker-compose-2.23.0"
        },
        "x86_64-darwin": {
          "store_path": "/nix/store/zd9wrmv5vm0yx7yjyj4jv2asxmr8wmrq-docker-compose-2.23.0"
        },
        "x86_64-linux": {
          "store_path": "/nix/store/99bphbf88gaxkcjsf5c6y3y16p5sldfh-docker-compose-2.23.0"
        }
      }
    },
    "docker@latest": {
      "last_modified": "2023-11-02T13:29:18Z",
      "resolved": "github:NixOS/nixpkgs/b644d97bda6dae837d577e28383c10aa51e5e2d2#docker",
      "source": "devbox-search",
      "version": "20.10.26",
      "systems": {
        "aarch64-darwin": {
          "store_path": "/nix/store/vdrzxfsq4gjhvqq34bjrj8pdxyimf9ix-docker-20.10.26"
        },
        "aarch64-linux": {
          "store_path": "/nix/store/baany339l2v2aw314w750znkcgs8pzs3-docker-20.10.26"
        },
        "x86_64-darwin": {
          "store_path": "/nix/store/lgwaddi4frhn078d36ylvnjqsnhjq7x6-docker-20.10.26"
        },
        "x86_64-linux": {
          "store_path": "/nix/store/4cj96k8hk8m81dbp007pf772vrigal2h-docker-20.10.26"
        }
      }
    },
    "elmPackages.elm-format@latest": {
      "last_modified": "2023-10-25T20:49:13Z",
      "resolved": "github:NixOS/nixpkgs/75a52265bda7fd25e06e3a67dee3f0354e73243c#elmPackages.elm-format",
      "source": "devbox-search",
      "version": "0.8.7",
      "systems": {
        "aarch64-darwin": {
          "store_path": "/nix/store/q7kgbzyrxy5aalkx1x11v337ncd15bm8-elm-format-0.8.7"
        },
        "aarch64-linux": {
          "store_path": "/nix/store/waqzdlgxydzsi8vkshqhc9692z3vi0nn-elm-format-0.8.7"
        },
        "x86_64-darwin": {
          "store_path": "/nix/store/h1krx6ggwxxs47l10a6yckdh1yi6by60-elm-format-0.8.7"
        },
        "x86_64-linux": {
          "store_path": "/nix/store/xnjwc3703gjs9nprzzfsc7vdrnkfa97b-elm-format-0.8.7"
        }
      }
    },
    "elmPackages.elm-language-server@latest": {
      "last_modified": "2023-10-25T20:49:13Z",
      "resolved": "github:NixOS/nixpkgs/75a52265bda7fd25e06e3a67dee3f0354e73243c#elmPackages.elm-language-server",
      "source": "devbox-search",
      "version": "2.7.3",
      "systems": {
        "aarch64-darwin": {
          "store_path": "/nix/store/gs9k34rmqddpav4xqfpzq4prkg6iani0-_at_elm-tooling_slash_elm-language-server-2.7.3"
        },
        "aarch64-linux": {
          "store_path": "/nix/store/7kwazhrh1y20fki24inhsbgid6ajjmb6-_at_elm-tooling_slash_elm-language-server-2.7.3"
        },
        "x86_64-darwin": {
          "store_path": "/nix/store/aq136s3igwn1nqmfrf9zinw3n9maif0d-_at_elm-tooling_slash_elm-language-server-2.7.3"
        },
        "x86_64-linux": {
          "store_path": "/nix/store/z26hi6djnydfjy5hhk5k3dw7c71wida1-_at_elm-tooling_slash_elm-language-server-2.7.3"
        }
      }
    },
    "elmPackages.elm-test@latest": {
      "last_modified": "2023-11-11T17:51:48Z",
      "resolved": "github:NixOS/nixpkgs/911ad1e67f458b6bcf0278fa85e33bb9924fed7e#elmPackages.elm-test",
      "source": "devbox-search",
      "version": "0.19.1-revision12",
      "systems": {
        "aarch64-darwin": {
          "store_path": "/nix/store/jr61a1g5ib2drp1a5f3459aaz9xks5dw-elm-test-0.19.1-revision12"
        },
        "aarch64-linux": {
          "store_path": "/nix/store/90yd5nrhv0i4dcwvxbx18y74x1sqlpbm-elm-test-0.19.1-revision12"
        },
        "x86_64-darwin": {
          "store_path": "/nix/store/br78f05djjbwfg6fjcvsgma59whlsnpb-elm-test-0.19.1-revision12"
        },
        "x86_64-linux": {
          "store_path": "/nix/store/8m1nwxmhsj82vrqcxrrpm2xikj3lvfsg-elm-test-0.19.1-revision12"
        }
      }
    },
    "elmPackages.elm@latest": {
      "last_modified": "2023-10-25T20:49:13Z",
      "resolved": "github:NixOS/nixpkgs/75a52265bda7fd25e06e3a67dee3f0354e73243c#elmPackages.elm",
      "source": "devbox-search",
      "version": "0.19.1",
      "systems": {
        "aarch64-darwin": {
          "store_path": "/nix/store/qsdic0b1fyha3qkqmyaffn0ynl49gh6v-elm-0.19.1"
        },
        "aarch64-linux": {
          "store_path": "/nix/store/59qcw3zqsflrffinyinhv5pzivsyc1vk-elm-0.19.1"
        },
        "x86_64-darwin": {
          "store_path": "/nix/store/k3rxch6pw07rqhlljp6nigk2w97wdw88-elm-0.19.1"
        },
        "x86_64-linux": {
          "store_path": "/nix/store/15vyfb551dd4q4c7av15zc1kqz2zcbsm-elm-0.19.1"
        }
      }
    },
    "fd@latest": {
      "last_modified": "2023-10-25T20:49:13Z",
      "resolved": "github:NixOS/nixpkgs/75a52265bda7fd25e06e3a67dee3f0354e73243c#fd",
      "source": "devbox-search",
      "version": "8.7.1",
      "systems": {
        "aarch64-darwin": {
          "store_path": "/nix/store/zjcd76xy0pa4j7szpaz2bvx65cnwz6xc-fd-8.7.1"
        },
        "aarch64-linux": {
          "store_path": "/nix/store/2lja07bw2c8zal3yklh9xs0vl1w5wfr1-fd-8.7.1"
        },
        "x86_64-darwin": {
          "store_path": "/nix/store/98jgjzwp6p7y6ih6xl7p9ak1s4lgi9i2-fd-8.7.1"
        },
        "x86_64-linux": {
          "store_path": "/nix/store/6fr35vv2g25invmk38w8k34jq8jakqip-fd-8.7.1"
        }
      }
    },
    "fluxcd@latest": {
      "last_modified": "2023-10-25T20:49:13Z",
      "resolved": "github:NixOS/nixpkgs/75a52265bda7fd25e06e3a67dee3f0354e73243c#fluxcd",
      "source": "devbox-search",
      "version": "2.1.2",
      "systems": {
        "aarch64-darwin": {
          "store_path": "/nix/store/4inzxjswvzn6lq56n0sy9m778kvxmr9z-fluxcd-2.1.2"
        },
        "aarch64-linux": {
          "store_path": "/nix/store/9bsp5hj6q9c6knczccwznxwx070qg1f3-fluxcd-2.1.2"
        },
        "x86_64-darwin": {
          "store_path": "/nix/store/ahmkavjg1gdxhs6n9pgq8ixbpm68889p-fluxcd-2.1.2"
        },
        "x86_64-linux": {
          "store_path": "/nix/store/m95ysjqhwhmcbr4vg5v8smqbmnbmbwmc-fluxcd-2.1.2"
        }
      }
    },
    "fzf@latest": {
      "last_modified": "2023-10-25T20:49:13Z",
      "resolved": "github:NixOS/nixpkgs/75a52265bda7fd25e06e3a67dee3f0354e73243c#fzf",
      "source": "devbox-search",
      "version": "0.43.0",
      "systems": {
        "aarch64-darwin": {
          "store_path": "/nix/store/2hm43aijz39nwrlbmwhgar2bhfyvnn2v-fzf-0.43.0"
        },
        "aarch64-linux": {
          "store_path": "/nix/store/dfkn0mcn8z0hjdqdrffgah4c312sh2d7-fzf-0.43.0"
        },
        "x86_64-darwin": {
          "store_path": "/nix/store/f7xchmsk3s8g8nnqmvrpk81xnfm3d5m7-fzf-0.43.0"
        },
        "x86_64-linux": {
          "store_path": "/nix/store/aj9zxwdi41aamjda9grlmck2svqd6ymi-fzf-0.43.0"
        }
      }
    },
    "gh@latest": {
      "last_modified": "2023-11-02T13:29:18Z",
      "resolved": "github:NixOS/nixpkgs/b644d97bda6dae837d577e28383c10aa51e5e2d2#gh",
      "source": "devbox-search",
      "version": "2.38.0",
      "systems": {
        "aarch64-darwin": {
          "store_path": "/nix/store/1np9bww2smy5r0plza1d0nwy86s6f1l2-gh-2.38.0"
        },
        "aarch64-linux": {
          "store_path": "/nix/store/jl19klfijmkvkvfnky9ydn04jrfc7pc5-gh-2.38.0"
        },
        "x86_64-darwin": {
          "store_path": "/nix/store/f09v0hzvsh5arx3qk8a02vxxvmq0m3d9-gh-2.38.0"
        },
        "x86_64-linux": {
          "store_path": "/nix/store/3sbkbkq8h4561wgbmrrfbq00cscg5c3v-gh-2.38.0"
        }
      }
    },
    "git@latest": {
      "last_modified": "2023-10-25T20:49:13Z",
      "resolved": "github:NixOS/nixpkgs/75a52265bda7fd25e06e3a67dee3f0354e73243c#git",
      "source": "devbox-search",
      "version": "2.42.0",
      "systems": {
        "aarch64-darwin": {
          "store_path": "/nix/store/0ifwlmw97aq4ic4l69j3kh677lay4kmx-git-2.42.0"
        },
        "aarch64-linux": {
          "store_path": "/nix/store/6hvc2kldsbs1dpg7nrpf6bfkcnhl9pjr-git-2.42.0"
        },
        "x86_64-darwin": {
          "store_path": "/nix/store/hcvfxifqrxjp4vqb1yrczq3y78afjpv1-git-2.42.0"
        },
        "x86_64-linux": {
          "store_path": "/nix/store/whwwhd6ns271bj0ff86ap37i9r9kzi9c-git-2.42.0"
        }
      }
    },
    "gnupg@latest": {
      "last_modified": "2023-10-25T20:49:13Z",
      "resolved": "github:NixOS/nixpkgs/75a52265bda7fd25e06e3a67dee3f0354e73243c#gnupg",
      "source": "devbox-search",
      "version": "2.4.1",
      "systems": {
        "aarch64-darwin": {
          "store_path": "/nix/store/kxc6gpw67z5a6h2sg2zhwkmspbqp3f0b-gnupg-2.4.1"
        },
        "aarch64-linux": {
          "store_path": "/nix/store/fb9q1ly0w7y469vy422vj400wz4jyhk7-gnupg-2.4.1"
        },
        "x86_64-darwin": {
          "store_path": "/nix/store/9par0zwr0xyvsyjhwxw3x68ag7yn6mnv-gnupg-2.4.1"
        },
        "x86_64-linux": {
          "store_path": "/nix/store/wd3xl6h29kjr9ng2kl0yf3mh7ciw3pri-gnupg-2.4.1"
        }
      }
    },
    "gnused@latest": {
      "last_modified": "2023-10-25T20:49:13Z",
      "resolved": "github:NixOS/nixpkgs/75a52265bda7fd25e06e3a67dee3f0354e73243c#gnused",
      "source": "devbox-search",
      "version": "4.9",
      "systems": {
        "aarch64-darwin": {
          "store_path": "/nix/store/fh1327f06qipzcnv2di22vssbbzk1hrz-gnused-4.9"
        },
        "aarch64-linux": {
          "store_path": "/nix/store/3vk6zr0a9wxnyy5kxzdli8amlq3jyx2i-gnused-4.9"
        },
        "x86_64-darwin": {
          "store_path": "/nix/store/4qm1gw0w2zpdg16jya88r82f8bxl33np-gnused-4.9"
        },
        "x86_64-linux": {
          "store_path": "/nix/store/g5p3ky90xa05ggg5szyb0pbbl2vp7n03-gnused-4.9"
        }
      }
    },
    "gnutar@latest": {
      "last_modified": "2023-10-25T20:49:13Z",
      "resolved": "github:NixOS/nixpkgs/75a52265bda7fd25e06e3a67dee3f0354e73243c#gnutar",
      "source": "devbox-search",
      "version": "1.35",
      "systems": {
        "aarch64-darwin": {
          "store_path": "/nix/store/fpmgc7y2dihni7kpwvgaq46fjcds6my1-gnutar-1.35"
        },
        "aarch64-linux": {
          "store_path": "/nix/store/hlzkhprf0qrqqdn1s801j2h3rlfd4fpa-gnutar-1.35"
        },
        "x86_64-darwin": {
          "store_path": "/nix/store/4ifdvs7fjczlvyssp1h91139n4yb57d3-gnutar-1.35"
        },
        "x86_64-linux": {
          "store_path": "/nix/store/f5qy259g9b4qh0hwz22z5j5bq3m53cpv-gnutar-1.35"
        }
      }
    },
    "go@latest": {
      "last_modified": "2023-10-25T20:49:13Z",
      "resolved": "github:NixOS/nixpkgs/75a52265bda7fd25e06e3a67dee3f0354e73243c#go",
      "source": "devbox-search",
      "version": "1.21.3",
      "systems": {
        "aarch64-darwin": {
          "store_path": "/nix/store/1fxz1flmv4a4m5pvjmmzxlaznjzybjcp-go-1.21.3"
        },
        "aarch64-linux": {
          "store_path": "/nix/store/iyaywzzkhm1pi5ysd83ai9pdpic9b9ny-go-1.21.3"
        },
        "x86_64-darwin": {
          "store_path": "/nix/store/yqqhrzr15819draxsyqrn2hf5c22ffhk-go-1.21.3"
        },
        "x86_64-linux": {
          "store_path": "/nix/store/dwmb0qcai52d0zkgpm6f5ifx2a8yvsdg-go-1.21.3"
        }
      }
    },
    "gopls@latest": {
      "last_modified": "2023-10-29T04:21:19Z",
      "resolved": "github:NixOS/nixpkgs/90e85bc7c1a6fc0760a94ace129d3a1c61c3d035#gopls",
      "source": "devbox-search",
      "version": "0.14.0",
      "systems": {
        "aarch64-darwin": {
          "store_path": "/nix/store/500bnsnk6njmfdpjlhj3s5xml0z2gzj4-gopls-0.14.0"
        },
        "aarch64-linux": {
          "store_path": "/nix/store/wh8c9vqmwcv49w2w1anz00vxylv1c29m-gopls-0.14.0"
        },
        "x86_64-darwin": {
          "store_path": "/nix/store/qwk6isry0z7p1qpp9pqip296yi6d1c43-gopls-0.14.0"
        },
        "x86_64-linux": {
          "store_path": "/nix/store/mmvqj6xz6bf4q1ayjni53i24mxa5l6b1-gopls-0.14.0"
        }
      }
    },
    "htop@latest": {
      "last_modified": "2023-10-25T20:49:13Z",
      "resolved": "github:NixOS/nixpkgs/75a52265bda7fd25e06e3a67dee3f0354e73243c#htop",
      "source": "devbox-search",
      "version": "3.2.2",
      "systems": {
        "aarch64-darwin": {
          "store_path": "/nix/store/6rkzh1paxmxbclaq9r4fj0gj7lmjdsgq-htop-3.2.2"
        },
        "aarch64-linux": {
          "store_path": "/nix/store/a314gdnjr969n0hk1nffcskdivskv5dc-htop-3.2.2"
        },
        "x86_64-darwin": {
          "store_path": "/nix/store/qzcg7b81imr9ig3352nf293nszfb6kpy-htop-3.2.2"
        },
        "x86_64-linux": {
          "store_path": "/nix/store/2vsn5a0d6z2lk14znl1yajfckkbj683m-htop-3.2.2"
        }
      }
    },
    "hyperfine@latest": {
      "last_modified": "2023-10-25T20:49:13Z",
      "resolved": "github:NixOS/nixpkgs/75a52265bda7fd25e06e3a67dee3f0354e73243c#hyperfine",
      "source": "devbox-search",
      "version": "1.18.0",
      "systems": {
        "aarch64-darwin": {
          "store_path": "/nix/store/3mm6vhv3qh4li60598afwwmnmszfx646-hyperfine-1.18.0"
        },
        "aarch64-linux": {
          "store_path": "/nix/store/hymc7vfqjna2npz19iphbls73w164yqw-hyperfine-1.18.0"
        },
        "x86_64-darwin": {
          "store_path": "/nix/store/bpifihmz56qi52gdzim559jih63a9fi6-hyperfine-1.18.0"
        },
        "x86_64-linux": {
          "store_path": "/nix/store/hjx5nghj80pcb0mvsv2zqgvfw0x9m9cv-hyperfine-1.18.0"
        }
      }
    },
    "jq@latest": {
      "last_modified": "2023-11-11T17:51:48Z",
      "resolved": "github:NixOS/nixpkgs/911ad1e67f458b6bcf0278fa85e33bb9924fed7e#jq",
      "source": "devbox-search",
      "version": "1.7",
      "systems": {
        "aarch64-darwin": {
          "store_path": "/nix/store/3l4n583j1hwhgxbbc84ci6g4qr1874c8-jq-1.7-bin"
        },
        "aarch64-linux": {
          "store_path": "/nix/store/h644cyvzdn1paz4pl5sc7d83kn18k4am-jq-1.7-bin"
        },
        "x86_64-darwin": {
          "store_path": "/nix/store/5z8d81rsy676n6g9pc84ggxz7cix5pva-jq-1.7-bin"
        },
        "x86_64-linux": {
          "store_path": "/nix/store/9i6mxk2gfi6l6p7p5l1q02hp54xfkp94-jq-1.7-bin"
        }
      }
    },
    "k9s@latest": {
      "last_modified": "2023-11-07T16:32:36Z",
      "resolved": "github:NixOS/nixpkgs/9b92dad3804b543a8b5db878aabf7132d601fa91#k9s",
      "source": "devbox-search",
      "version": "0.28.0",
      "systems": {
        "aarch64-darwin": {
          "store_path": "/nix/store/hlpc543j2bzgmgr43bls0717qgq1b23b-k9s-0.28.0"
        },
        "aarch64-linux": {
          "store_path": "/nix/store/jx8zvs39fhr3q9rbfzacxanv0jzvcrs6-k9s-0.28.0"
        },
        "x86_64-darwin": {
          "store_path": "/nix/store/nymw7h5gvnqb4b4015rsvcn5fss52ris-k9s-0.28.0"
        },
        "x86_64-linux": {
          "store_path": "/nix/store/mwgkddnvnchcr647fndg5ijwbsdzmv8b-k9s-0.28.0"
        }
      }
    },
    "kind@latest": {
      "last_modified": "2023-10-25T20:49:13Z",
      "resolved": "github:NixOS/nixpkgs/75a52265bda7fd25e06e3a67dee3f0354e73243c#kind",
      "source": "devbox-search",
      "version": "0.20.0",
      "systems": {
        "aarch64-darwin": {
          "store_path": "/nix/store/9ppjnii5w5vl11aw6p1q51vfw9sk0mc3-kind-0.20.0"
        },
        "aarch64-linux": {
          "store_path": "/nix/store/168x38dkyc8p7brijn4r96h138dasdvv-kind-0.20.0"
        },
        "x86_64-darwin": {
          "store_path": "/nix/store/mrvlsvnny0vksh79cn2nndxg4zjhgpwh-kind-0.20.0"
        },
        "x86_64-linux": {
          "store_path": "/nix/store/d9mm4mpi9995zvnbhxr8pwpckyd8b8r3-kind-0.20.0"
        }
      }
    },
    "kubectl@latest": {
      "last_modified": "2023-10-25T20:49:13Z",
      "resolved": "github:NixOS/nixpkgs/75a52265bda7fd25e06e3a67dee3f0354e73243c#kubectl",
      "source": "devbox-search",
      "version": "1.28.3",
      "systems": {
        "aarch64-darwin": {
          "store_path": "/nix/store/0sw7cwa3aizy1dak55cfahzrr148bbi3-kubectl-1.28.3"
        },
        "aarch64-linux": {
          "store_path": "/nix/store/2w073a4fdvyk0m9izmnq63g4iwb8sx57-kubectl-1.28.3"
        },
        "x86_64-darwin": {
          "store_path": "/nix/store/x2czg9p0ns4f5jl26x609l5jlq2jj202-kubectl-1.28.3"
        },
        "x86_64-linux": {
          "store_path": "/nix/store/k3bhqxjgpxzlb6i28cyaxp84p13ky5q8-kubectl-1.28.3"
        }
      }
    },
    "kubernetes-helm@latest": {
      "last_modified": "2023-11-09T21:23:13Z",
      "resolved": "github:NixOS/nixpkgs/1f37660f64a850233baab512c9b9bd83fb72be57#kubernetes-helm",
      "source": "devbox-search",
      "version": "3.13.2",
      "systems": {
        "aarch64-darwin": {
          "store_path": "/nix/store/9pyq4vrfcsipa7ad5nzkvx3pmxmgdarc-kubernetes-helm-3.13.2"
        },
        "aarch64-linux": {
          "store_path": "/nix/store/ghypvsilwxb73wjywjdra008637pafxy-kubernetes-helm-3.13.2"
        },
        "x86_64-darwin": {
          "store_path": "/nix/store/v83vdg9hl625akfyg3yab1cd0wgfbgh9-kubernetes-helm-3.13.2"
        },
        "x86_64-linux": {
          "store_path": "/nix/store/qyjcwvam4czsmh04dxys9z02hy4kbylf-kubernetes-helm-3.13.2"
        }
      }
    },
    "lsof@latest": {
      "last_modified": "2023-10-25T20:49:13Z",
      "resolved": "github:NixOS/nixpkgs/75a52265bda7fd25e06e3a67dee3f0354e73243c#lsof",
      "source": "devbox-search",
      "version": "4.98.0",
      "systems": {
        "aarch64-darwin": {
          "store_path": "/nix/store/120006f2yv1bjc05qsam70r3zlm41ch2-lsof-4.98.0"
        },
        "aarch64-linux": {
          "store_path": "/nix/store/gj09j2khvpkbdhbh64c627va7hh08kb9-lsof-4.98.0"
        },
        "x86_64-darwin": {
          "store_path": "/nix/store/c5afx4rhyb5iqx30zwv6yrmgpgs5pyap-lsof-4.98.0"
        },
        "x86_64-linux": {
          "store_path": "/nix/store/7m4r5fzmvgrm3gqzdbsv16hrawbc9imx-lsof-4.98.0"
        }
      }
    },
    "neovim@latest": {
      "last_modified": "2023-10-25T20:49:13Z",
      "resolved": "github:NixOS/nixpkgs/75a52265bda7fd25e06e3a67dee3f0354e73243c#neovim",
      "source": "devbox-search",
      "version": "0.9.4",
      "systems": {
        "aarch64-darwin": {
          "store_path": "/nix/store/cdgkcmg3s3wyvwswzz8nnfl88a2gy6aq-neovim-0.9.4"
        },
        "aarch64-linux": {
          "store_path": "/nix/store/bdrvg07bz5pc30ld68iljf3pn4d8621q-neovim-0.9.4"
        },
        "x86_64-darwin": {
          "store_path": "/nix/store/bai0m13zl8zwfdpzwxc5dqhxm0dj3agz-neovim-0.9.4"
        },
        "x86_64-linux": {
          "store_path": "/nix/store/4zy5qzxgdwk1k9ffibj7cg5rj64p5zwf-neovim-0.9.4"
        }
      }
    },
    "nettools@latest": {
      "last_modified": "2023-10-25T20:49:13Z",
      "resolved": "github:NixOS/nixpkgs/75a52265bda7fd25e06e3a67dee3f0354e73243c#nettools",
      "source": "devbox-search",
      "version": "2.10",
      "systems": {
        "aarch64-linux": {
          "store_path": "/nix/store/d4njv2qf6wsi9qipzr0wp7bv6p23471p-net-tools-2.10"
        },
        "x86_64-linux": {
          "store_path": "/nix/store/zzwsixlsccw8vdy6wb9qqzj1fmyjis3n-net-tools-2.10"
        }
      }
    },
    "nmap@latest": {
      "last_modified": "2023-10-25T20:49:13Z",
      "resolved": "github:NixOS/nixpkgs/75a52265bda7fd25e06e3a67dee3f0354e73243c#nmap",
      "source": "devbox-search",
      "version": "7.94",
      "systems": {
        "aarch64-darwin": {
          "store_path": "/nix/store/zxdshz9k867siywa8p51vzca4i69bpqx-nmap-7.94"
        },
        "aarch64-linux": {
          "store_path": "/nix/store/i0m98kh1syv8hr6pwjzclyl2yl4ixpk6-nmap-7.94"
        },
        "x86_64-darwin": {
          "store_path": "/nix/store/xllbjynvbm74zxdrklci6nnhkdj5rxp4-nmap-7.94"
        },
        "x86_64-linux": {
          "store_path": "/nix/store/5ahl2wdpswkljxhkbc48k6wa0a1fhcgp-nmap-7.94"
        }
      }
    },
    "nodePackages.neovim@latest": {
      "last_modified": "2023-11-02T13:29:18Z",
      "resolved": "github:NixOS/nixpkgs/b644d97bda6dae837d577e28383c10aa51e5e2d2#nodePackages.neovim",
      "source": "devbox-search",
      "version": "4.10.1",
      "systems": {
        "aarch64-darwin": {
          "store_path": "/nix/store/rz6mgqw72g6r5a3107g0mrk7nv1qj0z2-neovim-4.10.1"
        },
        "aarch64-linux": {
          "store_path": "/nix/store/17pk3kkjib00n60f8gi8q09krpyrllkz-neovim-4.10.1"
        },
        "x86_64-darwin": {
          "store_path": "/nix/store/c93px6zly4ladjisdqbcx6jkcm7s5wsr-neovim-4.10.1"
        },
        "x86_64-linux": {
          "store_path": "/nix/store/mh1wwv5r0i2pavrivr4v2372cyfk142g-neovim-4.10.1"
        }
      }
    },
    "nodejs@latest": {
      "last_modified": "2023-10-25T20:49:13Z",
      "resolved": "github:NixOS/nixpkgs/75a52265bda7fd25e06e3a67dee3f0354e73243c#nodejs_21",
      "source": "devbox-search",
      "version": "21.1.0",
      "systems": {
        "aarch64-darwin": {
          "store_path": "/nix/store/b8yb6gs0dhi0zlxcg5dkp0d2xrn80nhh-nodejs-21.1.0"
        },
        "aarch64-linux": {
          "store_path": "/nix/store/c20ngwkh3xzpzvmxkffccaxygyiqw3n2-nodejs-21.1.0"
        },
        "x86_64-darwin": {
          "store_path": "/nix/store/6wyanl2ba86pc2jb6nvg212xpq7j7kij-nodejs-21.1.0"
        },
        "x86_64-linux": {
          "store_path": "/nix/store/wl7yqxb1mhghpp6b8icykcm5wysfqarz-nodejs-21.1.0"
        }
      }
    },
    "pinentry@latest": {
      "last_modified": "2023-11-10T07:38:13Z",
      "resolved": "github:NixOS/nixpkgs/e06c716ef149f466f25e62a836c30b90476e65e5#pinentry",
      "source": "devbox-search",
      "version": "1.2.1",
      "systems": {
        "aarch64-darwin": {
          "store_path": "/nix/store/d42rfqpdsb2161n9zhiwh8c88jbjmp9z-pinentry-1.2.1"
        },
        "aarch64-linux": {
          "store_path": "/nix/store/xpw115fs8s09zwzfham16mh2p4ag3gc9-pinentry-1.2.1"
        },
        "x86_64-darwin": {
          "store_path": "/nix/store/kcq46b4dvirbvrcwzrnw3ild3106vrlz-pinentry-1.2.1"
        },
        "x86_64-linux": {
          "store_path": "/nix/store/imf73xcz1mi08nclv2iw21f2sazkvgps-pinentry-1.2.1"
        }
      }
    },
    "rsync@latest": {
      "last_modified": "2023-10-25T20:49:13Z",
      "resolved": "github:NixOS/nixpkgs/75a52265bda7fd25e06e3a67dee3f0354e73243c#rsync",
      "source": "devbox-search",
      "version": "3.2.7",
      "systems": {
        "aarch64-darwin": {
          "store_path": "/nix/store/n5585szrdnqyay71fzwv72f8cg85n9pi-rsync-3.2.7"
        },
        "aarch64-linux": {
          "store_path": "/nix/store/xx0f3s37qljjlcljxj3k0wiqg2p4qimk-rsync-3.2.7"
        },
        "x86_64-darwin": {
          "store_path": "/nix/store/cb6xirdrix8ax3xm763i14qr37dax3yd-rsync-3.2.7"
        },
        "x86_64-linux": {
          "store_path": "/nix/store/i9dgn6ymv732q5gzw669y6y9zxsv3x2z-rsync-3.2.7"
        }
      }
    },
    "ruby@latest": {
      "last_modified": "2023-10-25T20:49:13Z",
      "plugin_version": "0.0.2",
      "resolved": "github:NixOS/nixpkgs/75a52265bda7fd25e06e3a67dee3f0354e73243c#ruby_3_2",
      "source": "devbox-search",
      "version": "3.2.2",
      "systems": {
        "aarch64-darwin": {
          "store_path": "/nix/store/3zj4z5h2mdmiimvw52mzbjxgdbhh0h01-ruby-3.2.2"
        },
        "aarch64-linux": {
          "store_path": "/nix/store/fn3lsvacjxjgdixbgmmb2z3wja0riagm-ruby-3.2.2"
        },
        "x86_64-darwin": {
          "store_path": "/nix/store/x36kqsl75ggsqjmzm4d2dmrfvz4rd5jd-ruby-3.2.2"
        },
        "x86_64-linux": {
          "store_path": "/nix/store/7apky1wg5v258lk066d6xw1g3ddmy6dn-ruby-3.2.2"
        }
      }
    },
    "rustup@latest": {
      "last_modified": "2023-10-25T20:49:13Z",
      "plugin_version": "0.0.1",
      "resolved": "github:NixOS/nixpkgs/75a52265bda7fd25e06e3a67dee3f0354e73243c#rustup",
      "source": "devbox-search",
      "version": "1.26.0",
      "systems": {
        "aarch64-darwin": {
          "store_path": "/nix/store/4m1fx36b77rsc3b4b15r02hdvl6a2vlh-rustup-1.26.0"
        },
        "aarch64-linux": {
          "store_path": "/nix/store/4pzfhdgpyjbh0qggqwpf9mdrd0ra1yvd-rustup-1.26.0"
        },
        "x86_64-darwin": {
          "store_path": "/nix/store/9icr959bamjj8q6ljcrn6wasgbvp0xp2-rustup-1.26.0"
        },
        "x86_64-linux": {
          "store_path": "/nix/store/0cn8dalwkmdark0zhpyn05453vb2lnds-rustup-1.26.0"
        }
      }
    },
    "shfmt@latest": {
      "last_modified": "2023-10-25T20:49:13Z",
      "resolved": "github:NixOS/nixpkgs/75a52265bda7fd25e06e3a67dee3f0354e73243c#shfmt",
      "source": "devbox-search",
      "version": "3.7.0",
      "systems": {
        "aarch64-darwin": {
          "store_path": "/nix/store/3nfimx4z0nbxdkkshqpxzrh73llm57vk-shfmt-3.7.0"
        },
        "aarch64-linux": {
          "store_path": "/nix/store/2qk1vvq18nfvjjf1rz4kdxbjd6rayw6a-shfmt-3.7.0"
        },
        "x86_64-darwin": {
          "store_path": "/nix/store/1rigank4nlkq41dzqvp1di4hd628wp02-shfmt-3.7.0"
        },
        "x86_64-linux": {
          "store_path": "/nix/store/lv02gfaqb60xl8a3x55g6s2s0yqrrpp5-shfmt-3.7.0"
        }
      }
    },
    "stow@latest": {
      "last_modified": "2023-10-25T20:49:13Z",
      "resolved": "github:NixOS/nixpkgs/75a52265bda7fd25e06e3a67dee3f0354e73243c#stow",
      "source": "devbox-search",
      "version": "2.3.1",
      "systems": {
        "aarch64-darwin": {
          "store_path": "/nix/store/sqfqw6xiisl1iwjjw9bwadj3mjbfny2w-stow-2.3.1"
        },
        "aarch64-linux": {
          "store_path": "/nix/store/h3w1j39cmc9p6qs3r6q2a2kk4kacfypg-stow-2.3.1"
        },
        "x86_64-darwin": {
          "store_path": "/nix/store/asrcj9bz3kqlqhgk4vrvpf9bs882i8mw-stow-2.3.1"
        },
        "x86_64-linux": {
          "store_path": "/nix/store/anavlc55gnwdq021fl0vmj6kmx26g4im-stow-2.3.1"
        }
      }
    },
    "tig@latest": {
      "last_modified": "2023-10-25T20:49:13Z",
      "resolved": "github:NixOS/nixpkgs/75a52265bda7fd25e06e3a67dee3f0354e73243c#tig",
      "source": "devbox-search",
      "version": "2.5.8",
      "systems": {
        "aarch64-darwin": {
          "store_path": "/nix/store/l5y9vx8qs6fc691njcjipn4s5c7xh87f-tig-2.5.8"
        },
        "aarch64-linux": {
          "store_path": "/nix/store/waj6k9yc0hax6rmkwzkpnja3bspyz2pq-tig-2.5.8"
        },
        "x86_64-darwin": {
          "store_path": "/nix/store/ilnmxambbnf4ps29mjb5sd36zy9xj2vv-tig-2.5.8"
        },
        "x86_64-linux": {
          "store_path": "/nix/store/j8az655nb64a782a7r63n14ampr9sr7r-tig-2.5.8"
        }
      }
    },
    "tldr@latest": {
      "last_modified": "2023-10-25T20:49:13Z",
      "resolved": "github:NixOS/nixpkgs/75a52265bda7fd25e06e3a67dee3f0354e73243c#tldr",
      "source": "devbox-search",
      "version": "1.6.0",
      "systems": {
        "aarch64-darwin": {
          "store_path": "/nix/store/9pmfiqw8d5mz35n18n0pjmsxly2mjgza-tldr-1.6.0"
        },
        "aarch64-linux": {
          "store_path": "/nix/store/sfy65dr9scrw9frl1kycq8ha6hg4mnhr-tldr-1.6.0"
        },
        "x86_64-darwin": {
          "store_path": "/nix/store/c29a7h0vfljsfb2r28j25m2km2l4839b-tldr-1.6.0"
        },
        "x86_64-linux": {
          "store_path": "/nix/store/0cigpb42zkb1q24l52n33ac8hxw4wp75-tldr-1.6.0"
        }
      }
    },
    "tmux@latest": {
      "last_modified": "2022-06-07T02:20:12Z",
      "resolved": "github:NixOS/nixpkgs/d23be02c22add83d28588ac164dcbac733305b04#tmux",
      "source": "devbox-search",
      "version": "3.3",
      "systems": {
        "aarch64-darwin": {
          "store_path": "/nix/store/5cjql2qsrry8py5nxbc582v6ygplyq15-tmux-3.3"
        },
        "aarch64-linux": {
          "store_path": "/nix/store/d3w6mamrvhfklcqpdqzaxs2w0crf04i8-tmux-3.3"
        },
        "x86_64-darwin": {
          "store_path": "/nix/store/gsv76cwg8ss0inizmjnfwgwkyxzpwgzl-tmux-3.3"
        },
        "x86_64-linux": {
          "store_path": "/nix/store/qr266qpqrlfzm39ak93dx7h8iwnndmk2-tmux-3.3"
        }
      }
    },
    "tmuxPlugins.sensible@latest": {
      "last_modified": "2023-10-25T20:49:13Z",
      "resolved": "github:NixOS/nixpkgs/75a52265bda7fd25e06e3a67dee3f0354e73243c#tmuxPlugins.sensible",
      "source": "devbox-search",
      "version": "2017-09-05",
      "systems": {
        "x86_64-linux": {
          "store_path": "/nix/store/n7h8sd7qa5zm6npf9z9h80jah8ynnfnd-tmuxplugin-sensible-unstable-2017-09-05"
        }
      }
    },
    "tmuxPlugins.urlview@latest": {
      "last_modified": "2023-10-25T20:49:13Z",
      "resolved": "github:NixOS/nixpkgs/75a52265bda7fd25e06e3a67dee3f0354e73243c#tmuxPlugins.urlview",
      "source": "devbox-search",
      "version": "2016-01-06",
      "systems": {
        "x86_64-linux": {
          "store_path": "/nix/store/cgkkmcjikm9f3mh1wn600dfpg2k0hmfn-tmuxplugin-urlview-unstable-2016-01-06"
        }
      }
    },
    "tmuxPlugins.yank@latest": {
      "last_modified": "2023-10-25T20:49:13Z",
      "resolved": "github:NixOS/nixpkgs/75a52265bda7fd25e06e3a67dee3f0354e73243c#tmuxPlugins.yank",
      "source": "devbox-search",
      "version": "2021-06-20",
      "systems": {
        "x86_64-linux": {
          "store_path": "/nix/store/cyrbh50xmk8a4ppskc46pzv18djqxbrc-tmuxplugin-yank-unstable-2021-06-20"
        }
      }
    },
    "tmuxinator@latest": {
      "last_modified": "2023-10-25T20:49:13Z",
      "resolved": "github:NixOS/nixpkgs/75a52265bda7fd25e06e3a67dee3f0354e73243c#tmuxinator",
      "source": "devbox-search",
      "version": "3.0.5",
      "systems": {
        "aarch64-darwin": {
          "store_path": "/nix/store/wn2izgryz8ny081j5dpydvl4j52v7f6k-tmuxinator-3.0.5"
        },
        "aarch64-linux": {
          "store_path": "/nix/store/d4kmqbr6zh9dcci8yw9j52g0sxl73lav-tmuxinator-3.0.5"
        },
        "x86_64-darwin": {
          "store_path": "/nix/store/5gmrnn1d8bs1g5fv40bw8fnxcqhvindn-tmuxinator-3.0.5"
        },
        "x86_64-linux": {
          "store_path": "/nix/store/jk27rk2hg9x58dx6hnsyxxli9nw6bhir-tmuxinator-3.0.5"
        }
      }
    },
    "tree@latest": {
      "last_modified": "2023-10-25T20:49:13Z",
      "resolved": "github:NixOS/nixpkgs/75a52265bda7fd25e06e3a67dee3f0354e73243c#tree",
      "source": "devbox-search",
      "version": "2.1.1",
      "systems": {
        "aarch64-darwin": {
          "store_path": "/nix/store/gjpn24490s7isxi5k1j0qfl3xk06lb48-tree-2.1.1"
        },
        "aarch64-linux": {
          "store_path": "/nix/store/n79cprcca2fv3sqb39w50xvzdh6vrgny-tree-2.1.1"
        },
        "x86_64-darwin": {
          "store_path": "/nix/store/srsazxfiqddzr7r0mrj9jgllznnmg3qd-tree-2.1.1"
        },
        "x86_64-linux": {
          "store_path": "/nix/store/yycvyprdbqhbphn1vp7jjbk5shk7kkcz-tree-2.1.1"
        }
      }
    },
    "universal-ctags@6.0.0": {
      "last_modified": "2023-10-25T20:49:13Z",
      "resolved": "github:NixOS/nixpkgs/75a52265bda7fd25e06e3a67dee3f0354e73243c#universal-ctags",
      "source": "devbox-search",
      "version": "6.0.0",
      "systems": {
        "aarch64-darwin": {
          "store_path": "/nix/store/cinki74vzff47kpdpjrm76w726srga4j-universal-ctags-6.0.0"
        },
        "aarch64-linux": {
          "store_path": "/nix/store/gx7bhmh1cnr0f54fdd64yv4gbnzaa9s3-universal-ctags-6.0.0"
        },
        "x86_64-darwin": {
          "store_path": "/nix/store/d74wsy7cyj1gir4smkg22yl8bw7wi737-universal-ctags-6.0.0"
        },
        "x86_64-linux": {
          "store_path": "/nix/store/2v9qwg9y8rb7ipbiy1y64qsqvmvx33k7-universal-ctags-6.0.0"
        }
      }
    },
    "uutils-coreutils@0.0.20": {
      "last_modified": "2023-09-27T18:02:17Z",
      "resolved": "github:NixOS/nixpkgs/517501bcf14ae6ec47efd6a17dda0ca8e6d866f9#uutils-coreutils",
      "source": "devbox-search",
      "version": "0.0.20",
      "systems": {
        "aarch64-darwin": {
          "store_path": "/nix/store/nl9g316wnk83zyld89p2bfi213lia5z8-uutils-coreutils-0.0.20"
        },
        "aarch64-linux": {
          "store_path": "/nix/store/vmx7k5gcp81l1vpcihyrgdixiq51nnnk-uutils-coreutils-0.0.20"
        },
        "x86_64-darwin": {
          "store_path": "/nix/store/pq085zldwhcwn7605h1z288npk7340kc-uutils-coreutils-0.0.20"
        },
        "x86_64-linux": {
          "store_path": "/nix/store/y9m4yij7xy1cfpc1aijnwglr971vam2x-uutils-coreutils-0.0.20"
        }
      }
    },
    "vimPlugins.coc-nvim@latest": {
      "last_modified": "2023-10-25T20:49:13Z",
      "resolved": "github:NixOS/nixpkgs/75a52265bda7fd25e06e3a67dee3f0354e73243c#vimPlugins.coc-nvim",
      "source": "devbox-search",
      "version": "2023-09-30",
      "systems": {
        "aarch64-darwin": {
          "store_path": "/nix/store/ia0z6s0p5mja5g36x0r89v0xqss7fswl-vimplugin-coc.nvim-2023-09-30"
        },
        "aarch64-linux": {
          "store_path": "/nix/store/2spz16rvypsld57bg3c6qm2a37xzq8lj-vimplugin-coc.nvim-2023-09-30"
        },
        "x86_64-darwin": {
          "store_path": "/nix/store/akarz7wr8a1qbr5vn975rz5qhxpy8b1r-vimplugin-coc.nvim-2023-09-30"
        },
        "x86_64-linux": {
          "store_path": "/nix/store/imvv1i83awyp38051fikfsgplnirjgz9-vimplugin-coc.nvim-2023-09-30"
        }
      }
    },
    "vimPlugins.vim-plug@latest": {
      "last_modified": "2023-10-25T20:49:13Z",
      "resolved": "github:NixOS/nixpkgs/75a52265bda7fd25e06e3a67dee3f0354e73243c#vimPlugins.vim-plug",
      "source": "devbox-search",
      "version": "2023-04-01",
      "systems": {
        "aarch64-darwin": {
          "store_path": "/nix/store/q2flzl0wa10pn2wk3gws0qnnqh0s2917-vimplugin-vim-plug-2023-04-01"
        },
        "aarch64-linux": {
          "store_path": "/nix/store/c5piik729k4rvb56gnh8kcz0jmn6hy6d-vimplugin-vim-plug-2023-04-01"
        },
        "x86_64-darwin": {
          "store_path": "/nix/store/v3m5njgwv7h8krfnibqrkz0c0pyb14z0-vimplugin-vim-plug-2023-04-01"
        },
        "x86_64-linux": {
          "store_path": "/nix/store/n32k6pg9pi5z5ahzgy2i6fyhlbcx7p67-vimplugin-vim-plug-2023-04-01"
        }
      }
    },
    "yamllint@latest": {
      "last_modified": "2023-10-25T20:49:13Z",
      "resolved": "github:NixOS/nixpkgs/75a52265bda7fd25e06e3a67dee3f0354e73243c#yamllint",
      "source": "devbox-search",
      "version": "1.32.0",
      "systems": {
        "aarch64-darwin": {
          "store_path": "/nix/store/g471s59cw87pf4zzx1fnyxr4m5f9b7ja-python3.11-yamllint-1.32.0"
        },
        "aarch64-linux": {
          "store_path": "/nix/store/ms27jvzdkvb76lq8dr52mpdjng5vgiyk-python3.11-yamllint-1.32.0"
        },
        "x86_64-darwin": {
          "store_path": "/nix/store/vbdv3fb84pyjsp2w1gg38ayb2ld9hmlk-python3.11-yamllint-1.32.0"
        },
        "x86_64-linux": {
          "store_path": "/nix/store/5gyss06ixdw4dgjwl0hx2gn7ddhihrn4-python3.11-yamllint-1.32.0"
        }
      }
    },
    "yq@latest": {
      "last_modified": "2023-11-05T03:42:12Z",
      "resolved": "github:NixOS/nixpkgs/15492ddc2974ba426ea7e17116ea7aa44fc96dcd#yq",
      "source": "devbox-search",
      "version": "3.2.3",
      "systems": {
        "aarch64-darwin": {
          "store_path": "/nix/store/46vfzz5ks2ri506h7qh6xwsz0x7laq17-python3.11-yq-3.2.3"
        },
        "aarch64-linux": {
          "store_path": "/nix/store/z2xcx60v094wg0s1mx1vp9b8bg5fkqa8-python3.11-yq-3.2.3"
        },
        "x86_64-darwin": {
          "store_path": "/nix/store/y6rqppf6qrydc0040qqllg3fw7n338v4-python3.11-yq-3.2.3"
        },
        "x86_64-linux": {
          "store_path": "/nix/store/grzwjhjvjrnq8xg1j8b62ryihpr322b0-python3.11-yq-3.2.3"
        }
      }
    },
    "zsh@latest": {
      "last_modified": "2023-11-04T10:40:35Z",
      "resolved": "github:NixOS/nixpkgs/9d5d25bbfe8c0297ebe85324addcb5020ed1a454#zsh",
      "source": "devbox-search",
      "version": "5.9",
      "systems": {
        "aarch64-darwin": {
          "store_path": "/nix/store/3j13fydymk9xpw0k8rihxhicqj4v22c2-zsh-5.9"
        },
        "aarch64-linux": {
          "store_path": "/nix/store/z5nv3l2qq0jxpb95j5j3c4ip2jha8f07-zsh-5.9"
        },
        "x86_64-darwin": {
          "store_path": "/nix/store/2x35r94jf3w7qwfvbli0myvas21a4h55-zsh-5.9"
        },
        "x86_64-linux": {
          "store_path": "/nix/store/6j0z9mfl6qwz1ra3zdi8b5syjnf5pw2l-zsh-5.9"
        }
      }
    }
  }
}
